// !$*UTF8*$!
{
	archiveVersion = 1;
	classes = {
	};
	objectVersion = 46;
	objects = {

/* Begin PBXBuildFile section */
		1538E01312A1573700D5A056 /* EmoticonToolbarIcon.png in Resources */ = {isa = PBXBuildFile; fileRef = 1538E01112A1573700D5A056 /* EmoticonToolbarIcon.png */; };
		1538E01412A1573700D5A056 /* EmoticonToolbarIcon@2x.png in Resources */ = {isa = PBXBuildFile; fileRef = 1538E01212A1573700D5A056 /* EmoticonToolbarIcon@2x.png */; };
		154437B112759D88003197B3 /* libClient-iOS.a in Frameworks */ = {isa = PBXBuildFile; fileRef = 154437B012759D80003197B3 /* libClient-iOS.a */; };
		1555C25712D1EC1E005A3D09 /* SJPresentationSync.m in Sources */ = {isa = PBXBuildFile; fileRef = 1555C25612D1EC1E005A3D09 /* SJPresentationSync.m */; };
		1555C40912D20C96005A3D09 /* SJPointSync.m in Sources */ = {isa = PBXBuildFile; fileRef = 1555C40812D20C96005A3D09 /* SJPointSync.m */; };
		1555C45612D223E8005A3D09 /* SJQuestionSync.m in Sources */ = {isa = PBXBuildFile; fileRef = 1555C45512D223E8005A3D09 /* SJQuestionSync.m */; };
		15620EF912C2373A009750D1 /* SJPresentationPane_v2.m in Sources */ = {isa = PBXBuildFile; fileRef = 15620EF812C2373A009750D1 /* SJPresentationPane_v2.m */; };
		156F244A12734EA9000BC614 /* SJPresentationPane.m in Sources */ = {isa = PBXBuildFile; fileRef = 156F244912734EA9000BC614 /* SJPresentationPane.m */; };
		156F244C12734FC7000BC614 /* SJPresentationPane.xib in Resources */ = {isa = PBXBuildFile; fileRef = 156F244B12734FC7000BC614 /* SJPresentationPane.xib */; };
		156F246B12735605000BC614 /* QuartzCore.framework in Frameworks */ = {isa = PBXBuildFile; fileRef = 156F246A12735605000BC614 /* QuartzCore.framework */; };
		156F27D612703486005C6F71 /* SJLive.m in Sources */ = {isa = PBXBuildFile; fileRef = 156F27D512703486005C6F71 /* SJLive.m */; };
		156F28CA1270DF2B005C6F71 /* ILManagedObject.m in Sources */ = {isa = PBXBuildFile; fileRef = 156F28C91270DF2B005C6F71 /* ILManagedObject.m */; };
		158B8A3412C09E5C007CB814 /* LoggerClient.m in Sources */ = {isa = PBXBuildFile; fileRef = 158B8A3212C09E5C007CB814 /* LoggerClient.m */; };
		158B8A3712C09E6B007CB814 /* ILNSLoggerSensorTap.m in Sources */ = {isa = PBXBuildFile; fileRef = 158B8A3612C09E6B007CB814 /* ILNSLoggerSensorTap.m */; };
		158B8A3E12C09F45007CB814 /* CFNetwork.framework in Frameworks */ = {isa = PBXBuildFile; fileRef = 158B8A3D12C09F45007CB814 /* CFNetwork.framework */; };
		1591153712D7839A00E622BE /* SJQuestionKindPicker.m in Sources */ = {isa = PBXBuildFile; fileRef = 1591153612D7839A00E622BE /* SJQuestionKindPicker.m */; };
		1591153912D7840E00E622BE /* SJQuestionKindPicker.xib in Resources */ = {isa = PBXBuildFile; fileRef = 1591153812D7840E00E622BE /* SJQuestionKindPicker.xib */; };
		159115B012D7894D00E622BE /* SJQuestionSending.m in Sources */ = {isa = PBXBuildFile; fileRef = 159115AF12D7894D00E622BE /* SJQuestionSending.m */; };
		159783E812BD5FD9000862B3 /* SystemConfiguration.framework in Frameworks */ = {isa = PBXBuildFile; fileRef = 159783E712BD5FD9000862B3 /* SystemConfiguration.framework */; };
		159F7780129EAF0500C89A34 /* DidNotUnderstand.png in Resources */ = {isa = PBXBuildFile; fileRef = 159F777A129EAF0500C89A34 /* DidNotUnderstand.png */; };
		159F7781129EAF0500C89A34 /* DidNotUnderstand@2x.png in Resources */ = {isa = PBXBuildFile; fileRef = 159F777B129EAF0500C89A34 /* DidNotUnderstand@2x.png */; };
		159F7782129EAF0500C89A34 /* Freeform.png in Resources */ = {isa = PBXBuildFile; fileRef = 159F777C129EAF0500C89A34 /* Freeform.png */; };
		159F7783129EAF0500C89A34 /* Freeform@2x.png in Resources */ = {isa = PBXBuildFile; fileRef = 159F777D129EAF0500C89A34 /* Freeform@2x.png */; };
		159F7784129EAF0500C89A34 /* GoInDepth.png in Resources */ = {isa = PBXBuildFile; fileRef = 159F777E129EAF0500C89A34 /* GoInDepth.png */; };
		159F7785129EAF0500C89A34 /* GoInDepth@2x.png in Resources */ = {isa = PBXBuildFile; fileRef = 159F777F129EAF0500C89A34 /* GoInDepth@2x.png */; };
		159F7799129EB24100C89A34 /* CancelButtonShine.png in Resources */ = {isa = PBXBuildFile; fileRef = 159F7797129EB24100C89A34 /* CancelButtonShine.png */; };
		159F779A129EB24100C89A34 /* CancelButtonShine@2x.png in Resources */ = {isa = PBXBuildFile; fileRef = 159F7798129EB24100C89A34 /* CancelButtonShine@2x.png */; };
		159F779D129EB2A000C89A34 /* LargeButtonShine.png in Resources */ = {isa = PBXBuildFile; fileRef = 159F779B129EB2A000C89A34 /* LargeButtonShine.png */; };
		159F779E129EB2A000C89A34 /* LargeButtonShine@2x.png in Resources */ = {isa = PBXBuildFile; fileRef = 159F779C129EB2A000C89A34 /* LargeButtonShine@2x.png */; };
		15A46A67129F995400EC7A42 /* BackArrowToolbarIcon.png in Resources */ = {isa = PBXBuildFile; fileRef = 15A46A63129F995400EC7A42 /* BackArrowToolbarIcon.png */; };
		15A46A68129F995400EC7A42 /* BackArrowToolbarIcon@2x.png in Resources */ = {isa = PBXBuildFile; fileRef = 15A46A64129F995400EC7A42 /* BackArrowToolbarIcon@2x.png */; };
		15A46A69129F995400EC7A42 /* ForwardArrowToolbarIcon.png in Resources */ = {isa = PBXBuildFile; fileRef = 15A46A65129F995400EC7A42 /* ForwardArrowToolbarIcon.png */; };
		15A46A6A129F995400EC7A42 /* ForwardArrowToolbarIcon@2x.png in Resources */ = {isa = PBXBuildFile; fileRef = 15A46A66129F995400EC7A42 /* ForwardArrowToolbarIcon@2x.png */; };
		15A46B47129FA50B00EC7A42 /* FastForwardArrowToolbarIcon.png in Resources */ = {isa = PBXBuildFile; fileRef = 15A46B45129FA50B00EC7A42 /* FastForwardArrowToolbarIcon.png */; };
		15A46B48129FA50B00EC7A42 /* FastForwardArrowToolbarIcon@2x.png in Resources */ = {isa = PBXBuildFile; fileRef = 15A46B46129FA50B00EC7A42 /* FastForwardArrowToolbarIcon@2x.png */; };
		15AF560212CF8A72000311EB /* SJSlideSync.m in Sources */ = {isa = PBXBuildFile; fileRef = 15AF560112CF8A72000311EB /* SJSlideSync.m */; };
		15B0370612D3213E000BA8B8 /* SJPresentationPane_v2.xib in Resources */ = {isa = PBXBuildFile; fileRef = 15B0370512D3213E000BA8B8 /* SJPresentationPane_v2.xib */; };
		15C044EB12A2A13E00AD97AA /* SJMoodPicker.m in Sources */ = {isa = PBXBuildFile; fileRef = 15C044EA12A2A13E00AD97AA /* SJMoodPicker.m */; };
		15C0451012A2F0E600AD97AA /* SJMoodPicker.xib in Resources */ = {isa = PBXBuildFile; fileRef = 15C0450F12A2F0E600AD97AA /* SJMoodPicker.xib */; };
		15C0451812A2F32200AD97AA /* RightShadow.png in Resources */ = {isa = PBXBuildFile; fileRef = 15C0451712A2F32200AD97AA /* RightShadow.png */; };
		15C0452F12A301AB00AD97AA /* BoredEmoticon.png in Resources */ = {isa = PBXBuildFile; fileRef = 15C0452512A301AB00AD97AA /* BoredEmoticon.png */; };
		15C0453012A301AB00AD97AA /* ConfusedEmoticon.png in Resources */ = {isa = PBXBuildFile; fileRef = 15C0452612A301AB00AD97AA /* ConfusedEmoticon.png */; };
		15C0453112A301AB00AD97AA /* EngagedEmoticon.png in Resources */ = {isa = PBXBuildFile; fileRef = 15C0452712A301AB00AD97AA /* EngagedEmoticon.png */; };
		15C0453212A301AB00AD97AA /* HappyEmoticonCategory.png in Resources */ = {isa = PBXBuildFile; fileRef = 15C0452812A301AB00AD97AA /* HappyEmoticonCategory.png */; };
		15C0453312A301AB00AD97AA /* HappyEmoticonCategory@2x.png in Resources */ = {isa = PBXBuildFile; fileRef = 15C0452912A301AB00AD97AA /* HappyEmoticonCategory@2x.png */; };
		15C0453412A301AB00AD97AA /* InterestedEmoticon.png in Resources */ = {isa = PBXBuildFile; fileRef = 15C0452A12A301AB00AD97AA /* InterestedEmoticon.png */; };
		15C0453512A301AB00AD97AA /* ThoughtfulEmoticon.png in Resources */ = {isa = PBXBuildFile; fileRef = 15C0452B12A301AB00AD97AA /* ThoughtfulEmoticon.png */; };
		15C0453612A301AB00AD97AA /* UnhappyEmoticonCategory.png in Resources */ = {isa = PBXBuildFile; fileRef = 15C0452C12A301AB00AD97AA /* UnhappyEmoticonCategory.png */; };
		15C0453712A301AB00AD97AA /* UnhappyEmoticonCategory@2x.png in Resources */ = {isa = PBXBuildFile; fileRef = 15C0452D12A301AB00AD97AA /* UnhappyEmoticonCategory@2x.png */; };
		15C0453812A301AB00AD97AA /* WhyAmIHereEmoticon.png in Resources */ = {isa = PBXBuildFile; fileRef = 15C0452E12A301AB00AD97AA /* WhyAmIHereEmoticon.png */; };
		15C0465312A3B40B00AD97AA /* PopoverArrow.png in Resources */ = {isa = PBXBuildFile; fileRef = 15C0465112A3B40B00AD97AA /* PopoverArrow.png */; };
		15C0465412A3B40B00AD97AA /* PopoverArrow@2x.png in Resources */ = {isa = PBXBuildFile; fileRef = 15C0465212A3B40B00AD97AA /* PopoverArrow@2x.png */; };
		15C6EF4212A6972A0030C085 /* Settings.bundle in Resources */ = {isa = PBXBuildFile; fileRef = 15C6EF4112A6972A0030C085 /* Settings.bundle */; };
		15D4366512845104005DBAE3 /* SJPointTableViewCell.m in Sources */ = {isa = PBXBuildFile; fileRef = 15D4366412845104005DBAE3 /* SJPointTableViewCell.m */; };
		15D4368012845185005DBAE3 /* libViewControllers.a in Frameworks */ = {isa = PBXBuildFile; fileRef = 15FBF1E512817F93005D68B6 /* libViewControllers.a */; };
		15D43684128451C3005DBAE3 /* SJPointTableViewCell.xib in Resources */ = {isa = PBXBuildFile; fileRef = 15D43683128451C3005DBAE3 /* SJPointTableViewCell.xib */; };
		15D436DB12845D74005DBAE3 /* TopShadow.png in Resources */ = {isa = PBXBuildFile; fileRef = 15D436DA12845D74005DBAE3 /* TopShadow.png */; };
		15D436DD12845ECF005DBAE3 /* BottomShadow.png in Resources */ = {isa = PBXBuildFile; fileRef = 15D436DC12845ECF005DBAE3 /* BottomShadow.png */; };
		15E648201286B88E005975D2 /* libControls.a in Frameworks */ = {isa = PBXBuildFile; fileRef = 15E6481F1286B887005975D2 /* libControls.a */; };
		15E6495F1286C8EB005975D2 /* libNetworking-iOS.a in Frameworks */ = {isa = PBXBuildFile; fileRef = 15E6495E1286C8E8005975D2 /* libNetworking-iOS.a */; };
		15E64AB51286EB85005975D2 /* SJQuestion.m in Sources */ = {isa = PBXBuildFile; fileRef = 15E64AB41286EB85005975D2 /* SJQuestion.m */; };
		15FBF1B812817510005D68B6 /* Balloon.png in Resources */ = {isa = PBXBuildFile; fileRef = 15FBF1B71281750F005D68B6 /* Balloon.png */; };
		15FBF1BA12817513005D68B6 /* Balloon@2x.png in Resources */ = {isa = PBXBuildFile; fileRef = 15FBF1B912817512005D68B6 /* Balloon@2x.png */; };
		15FBF1BF12817582005D68B6 /* SJPoseAQuestionPane.m in Sources */ = {isa = PBXBuildFile; fileRef = 15FBF1BD12817582005D68B6 /* SJPoseAQuestionPane.m */; };
		15FBF1C012817582005D68B6 /* SJPoseAQuestionPane.xib in Resources */ = {isa = PBXBuildFile; fileRef = 15FBF1BE12817582005D68B6 /* SJPoseAQuestionPane.xib */; };
		15FD03D4126DB15900353B83 /* SJPresentation.m in Sources */ = {isa = PBXBuildFile; fileRef = 15FD03D3126DB15900353B83 /* SJPresentation.m */; };
		15FD03DC126DB29D00353B83 /* SJSlide.m in Sources */ = {isa = PBXBuildFile; fileRef = 15FD03DB126DB29D00353B83 /* SJSlide.m */; };
		15FD03DF126DB2DA00353B83 /* SJPoint.m in Sources */ = {isa = PBXBuildFile; fileRef = 15FD03DE126DB2DA00353B83 /* SJPoint.m */; };
		15FED31F12D8C7B7007229B2 /* BoredEmoticon-Small.png in Resources */ = {isa = PBXBuildFile; fileRef = 15FED31312D8C7B7007229B2 /* BoredEmoticon-Small.png */; };
		15FED32012D8C7B7007229B2 /* BoredEmoticon-Small@2x.png in Resources */ = {isa = PBXBuildFile; fileRef = 15FED31412D8C7B7007229B2 /* BoredEmoticon-Small@2x.png */; };
		15FED32112D8C7B7007229B2 /* ConfusedEmoticon-Small.png in Resources */ = {isa = PBXBuildFile; fileRef = 15FED31512D8C7B7007229B2 /* ConfusedEmoticon-Small.png */; };
		15FED32212D8C7B7007229B2 /* ConfusedEmoticon-Small@2x.png in Resources */ = {isa = PBXBuildFile; fileRef = 15FED31612D8C7B7007229B2 /* ConfusedEmoticon-Small@2x.png */; };
		15FED32312D8C7B7007229B2 /* EngagedEmoticon-Small.png in Resources */ = {isa = PBXBuildFile; fileRef = 15FED31712D8C7B7007229B2 /* EngagedEmoticon-Small.png */; };
		15FED32412D8C7B7007229B2 /* EngagedEmoticon-Small@2x.png in Resources */ = {isa = PBXBuildFile; fileRef = 15FED31812D8C7B7007229B2 /* EngagedEmoticon-Small@2x.png */; };
		15FED32512D8C7B7007229B2 /* InterestedEmoticon-Small.png in Resources */ = {isa = PBXBuildFile; fileRef = 15FED31912D8C7B7007229B2 /* InterestedEmoticon-Small.png */; };
		15FED32612D8C7B7007229B2 /* InterestedEmoticon-Small@2x.png in Resources */ = {isa = PBXBuildFile; fileRef = 15FED31A12D8C7B7007229B2 /* InterestedEmoticon-Small@2x.png */; };
		15FED32712D8C7B7007229B2 /* ThoughtfulEmoticon-Small.png in Resources */ = {isa = PBXBuildFile; fileRef = 15FED31B12D8C7B7007229B2 /* ThoughtfulEmoticon-Small.png */; };
		15FED32812D8C7B7007229B2 /* ThoughtfulEmoticon-Small@2x.png in Resources */ = {isa = PBXBuildFile; fileRef = 15FED31C12D8C7B7007229B2 /* ThoughtfulEmoticon-Small@2x.png */; };
		15FED32912D8C7B7007229B2 /* WhyAmIHereEmoticon-Small.png in Resources */ = {isa = PBXBuildFile; fileRef = 15FED31D12D8C7B7007229B2 /* WhyAmIHereEmoticon-Small.png */; };
		15FED32A12D8C7B7007229B2 /* WhyAmIHereEmoticon-Small@2x.png in Resources */ = {isa = PBXBuildFile; fileRef = 15FED31E12D8C7B7007229B2 /* WhyAmIHereEmoticon-Small@2x.png */; };
		15FED33B12D8C99A007229B2 /* SJMoodSending.m in Sources */ = {isa = PBXBuildFile; fileRef = 15FED33A12D8C99A007229B2 /* SJMoodSending.m */; };
		1D3623260D0F684500981E51 /* SJAppDelegate.m in Sources */ = {isa = PBXBuildFile; fileRef = 1D3623250D0F684500981E51 /* SJAppDelegate.m */; };
		1D60589B0D05DD56006BFB54 /* main.m in Sources */ = {isa = PBXBuildFile; fileRef = 29B97316FDCFA39411CA2CEA /* main.m */; };
		1D60589F0D05DD5A006BFB54 /* Foundation.framework in Frameworks */ = {isa = PBXBuildFile; fileRef = 1D30AB110D05D00D00671497 /* Foundation.framework */; };
		1DF5F4E00D08C38300B7A737 /* UIKit.framework in Frameworks */ = {isa = PBXBuildFile; fileRef = 1DF5F4DF0D08C38300B7A737 /* UIKit.framework */; };
		28193060112F816700ECF9B4 /* Subject.xcdatamodeld in Sources */ = {isa = PBXBuildFile; fileRef = 2819305F112F816700ECF9B4 /* Subject.xcdatamodeld */; };
		288765A50DF7441C002DB57D /* CoreGraphics.framework in Frameworks */ = {isa = PBXBuildFile; fileRef = 288765A40DF7441C002DB57D /* CoreGraphics.framework */; };
		28AD733F0D9D9553002E5188 /* MainWindow.xib in Resources */ = {isa = PBXBuildFile; fileRef = 28AD733E0D9D9553002E5188 /* MainWindow.xib */; };
		28D801B40F44B63D00FB423F /* CoreData.framework in Frameworks */ = {isa = PBXBuildFile; fileRef = 28D801B30F44B63D00FB423F /* CoreData.framework */; };
/* End PBXBuildFile section */

/* Begin PBXContainerItemProxy section */
		154437AD12759D80003197B3 /* PBXContainerItemProxy */ = {
			isa = PBXContainerItemProxy;
			containerPortal = 154437A812759D80003197B3 /* Client.xcodeproj */;
			proxyType = 2;
			remoteGlobalIDString = 8DC2EF5B0486A6940098B216;
			remoteInfo = "Client (Mac Framework)";
		};
		154437AF12759D80003197B3 /* PBXContainerItemProxy */ = {
			isa = PBXContainerItemProxy;
			containerPortal = 154437A812759D80003197B3 /* Client.xcodeproj */;
			proxyType = 2;
			remoteGlobalIDString = 1544377412759CB4003197B3;
			remoteInfo = "Client (iOS Library)";
		};
		154437B612759DD2003197B3 /* PBXContainerItemProxy */ = {
			isa = PBXContainerItemProxy;
			containerPortal = 154437A812759D80003197B3 /* Client.xcodeproj */;
			proxyType = 1;
			remoteGlobalIDString = 1544377312759CB4003197B3;
			remoteInfo = "Client (iOS Library)";
		};
		15E6481E1286B887005975D2 /* PBXContainerItemProxy */ = {
			isa = PBXContainerItemProxy;
			containerPortal = 15E6481A1286B887005975D2 /* Controls.xcodeproj */;
			proxyType = 2;
			remoteGlobalIDString = D2AAC07E0554694100DB518D;
			remoteInfo = Controls;
		};
		15E648211286B893005975D2 /* PBXContainerItemProxy */ = {
			isa = PBXContainerItemProxy;
			containerPortal = 15E6481A1286B887005975D2 /* Controls.xcodeproj */;
			proxyType = 1;
			remoteGlobalIDString = D2AAC07D0554694100DB518D;
			remoteInfo = Controls;
		};
		15E6495D1286C8E8005975D2 /* PBXContainerItemProxy */ = {
			isa = PBXContainerItemProxy;
			containerPortal = 15E649591286C8E7005975D2 /* Networking.xcodeproj */;
			proxyType = 2;
			remoteGlobalIDString = D2AAC07E0554694100DB518D;
			remoteInfo = Networking;
		};
		15E649601286C8F1005975D2 /* PBXContainerItemProxy */ = {
			isa = PBXContainerItemProxy;
			containerPortal = 15E649591286C8E7005975D2 /* Networking.xcodeproj */;
			proxyType = 1;
			remoteGlobalIDString = D2AAC07D0554694100DB518D;
			remoteInfo = Networking;
		};
		15FBF1E412817F93005D68B6 /* PBXContainerItemProxy */ = {
			isa = PBXContainerItemProxy;
			containerPortal = 15FBF1DD12817F93005D68B6 /* ViewControllers.xcodeproj */;
			proxyType = 2;
			remoteGlobalIDString = D2AAC07E0554694100DB518D;
			remoteInfo = ViewControllers;
		};
		15FBF1E612817F9C005D68B6 /* PBXContainerItemProxy */ = {
			isa = PBXContainerItemProxy;
			containerPortal = 15FBF1DD12817F93005D68B6 /* ViewControllers.xcodeproj */;
			proxyType = 1;
			remoteGlobalIDString = D2AAC07D0554694100DB518D;
			remoteInfo = ViewControllers;
		};
		15FCC8E312D1D73800D52E53 /* PBXContainerItemProxy */ = {
			isa = PBXContainerItemProxy;
			containerPortal = 154437A812759D80003197B3 /* Client.xcodeproj */;
			proxyType = 2;
			remoteGlobalIDString = 15FCC8E112D1D73800D52E53;
			remoteInfo = "Client (iOS Library) copy";
		};
		15FED30D12D8C580007229B2 /* PBXContainerItemProxy */ = {
			isa = PBXContainerItemProxy;
			containerPortal = 15E649591286C8E7005975D2 /* Networking.xcodeproj */;
			proxyType = 2;
			remoteGlobalIDString = 15B40F3612D6585C008BB339;
			remoteInfo = "Networking (Mac)";
		};
/* End PBXContainerItemProxy section */

/* Begin PBXFileReference section */
		150044241280711400E4BF1D /* libClient-iOS.a */ = {isa = PBXFileReference; explicitFileType = archive.ar; includeInIndex = 0; path = "libClient-iOS.a"; sourceTree = BUILT_PRODUCTS_DIR; };
		1538E01112A1573700D5A056 /* EmoticonToolbarIcon.png */ = {isa = PBXFileReference; lastKnownFileType = image.png; name = EmoticonToolbarIcon.png; path = ../Art/EmoticonToolbarIcon.png; sourceTree = SOURCE_ROOT; };
		1538E01212A1573700D5A056 /* EmoticonToolbarIcon@2x.png */ = {isa = PBXFileReference; lastKnownFileType = image.png; name = "EmoticonToolbarIcon@2x.png"; path = "../Art/EmoticonToolbarIcon@2x.png"; sourceTree = SOURCE_ROOT; };
		154437A812759D80003197B3 /* Client.xcodeproj */ = {isa = PBXFileReference; lastKnownFileType = "wrapper.pb-project"; name = Client.xcodeproj; path = ../Client/Client.xcodeproj; sourceTree = SOURCE_ROOT; };
		1555C25512D1EC1E005A3D09 /* SJPresentationSync.h */ = {isa = PBXFileReference; fileEncoding = 4; lastKnownFileType = sourcecode.c.h; path = SJPresentationSync.h; sourceTree = "<group>"; };
		1555C25612D1EC1E005A3D09 /* SJPresentationSync.m */ = {isa = PBXFileReference; fileEncoding = 4; lastKnownFileType = sourcecode.c.objc; path = SJPresentationSync.m; sourceTree = "<group>"; };
		1555C40712D20C96005A3D09 /* SJPointSync.h */ = {isa = PBXFileReference; fileEncoding = 4; lastKnownFileType = sourcecode.c.h; path = SJPointSync.h; sourceTree = "<group>"; };
		1555C40812D20C96005A3D09 /* SJPointSync.m */ = {isa = PBXFileReference; fileEncoding = 4; lastKnownFileType = sourcecode.c.objc; path = SJPointSync.m; sourceTree = "<group>"; };
		1555C45412D223E8005A3D09 /* SJQuestionSync.h */ = {isa = PBXFileReference; fileEncoding = 4; lastKnownFileType = sourcecode.c.h; path = SJQuestionSync.h; sourceTree = "<group>"; };
		1555C45512D223E8005A3D09 /* SJQuestionSync.m */ = {isa = PBXFileReference; fileEncoding = 4; lastKnownFileType = sourcecode.c.objc; path = SJQuestionSync.m; sourceTree = "<group>"; };
		15620EF712C2373A009750D1 /* SJPresentationPane_v2.h */ = {isa = PBXFileReference; fileEncoding = 4; lastKnownFileType = sourcecode.c.h; path = SJPresentationPane_v2.h; sourceTree = "<group>"; };
		15620EF812C2373A009750D1 /* SJPresentationPane_v2.m */ = {isa = PBXFileReference; fileEncoding = 4; lastKnownFileType = sourcecode.c.objc; path = SJPresentationPane_v2.m; sourceTree = "<group>"; };
		156F244812734EA9000BC614 /* SJPresentationPane.h */ = {isa = PBXFileReference; fileEncoding = 4; lastKnownFileType = sourcecode.c.h; path = SJPresentationPane.h; sourceTree = "<group>"; };
		156F244912734EA9000BC614 /* SJPresentationPane.m */ = {isa = PBXFileReference; fileEncoding = 4; lastKnownFileType = sourcecode.c.objc; path = SJPresentationPane.m; sourceTree = "<group>"; };
		156F244B12734FC7000BC614 /* SJPresentationPane.xib */ = {isa = PBXFileReference; lastKnownFileType = file.xib; path = SJPresentationPane.xib; sourceTree = "<group>"; };
		156F246A12735605000BC614 /* QuartzCore.framework */ = {isa = PBXFileReference; lastKnownFileType = wrapper.framework; name = QuartzCore.framework; path = System/Library/Frameworks/QuartzCore.framework; sourceTree = SDKROOT; };
		156F27D412703486005C6F71 /* SJLive.h */ = {isa = PBXFileReference; fileEncoding = 4; lastKnownFileType = sourcecode.c.h; path = SJLive.h; sourceTree = "<group>"; };
		156F27D512703486005C6F71 /* SJLive.m */ = {isa = PBXFileReference; fileEncoding = 4; lastKnownFileType = sourcecode.c.objc; path = SJLive.m; sourceTree = "<group>"; };
		156F28C81270DF2B005C6F71 /* ILManagedObject.h */ = {isa = PBXFileReference; fileEncoding = 4; lastKnownFileType = sourcecode.c.h; path = ILManagedObject.h; sourceTree = "<group>"; };
		156F28C91270DF2B005C6F71 /* ILManagedObject.m */ = {isa = PBXFileReference; fileEncoding = 4; lastKnownFileType = sourcecode.c.objc; path = ILManagedObject.m; sourceTree = "<group>"; };
		158B8A3112C09E5C007CB814 /* LoggerCommon.h */ = {isa = PBXFileReference; fileEncoding = 4; lastKnownFileType = sourcecode.c.h; path = LoggerCommon.h; sourceTree = "<group>"; };
		158B8A3212C09E5C007CB814 /* LoggerClient.m */ = {isa = PBXFileReference; fileEncoding = 4; lastKnownFileType = sourcecode.c.objc; path = LoggerClient.m; sourceTree = "<group>"; };
		158B8A3312C09E5C007CB814 /* LoggerClient.h */ = {isa = PBXFileReference; fileEncoding = 4; lastKnownFileType = sourcecode.c.h; path = LoggerClient.h; sourceTree = "<group>"; };
		158B8A3512C09E6B007CB814 /* ILNSLoggerSensorTap.h */ = {isa = PBXFileReference; fileEncoding = 4; lastKnownFileType = sourcecode.c.h; path = ILNSLoggerSensorTap.h; sourceTree = "<group>"; };
		158B8A3612C09E6B007CB814 /* ILNSLoggerSensorTap.m */ = {isa = PBXFileReference; fileEncoding = 4; lastKnownFileType = sourcecode.c.objc; path = ILNSLoggerSensorTap.m; sourceTree = "<group>"; };
		158B8A3D12C09F45007CB814 /* CFNetwork.framework */ = {isa = PBXFileReference; lastKnownFileType = wrapper.framework; name = CFNetwork.framework; path = System/Library/Frameworks/CFNetwork.framework; sourceTree = SDKROOT; };
		1591153512D7839A00E622BE /* SJQuestionKindPicker.h */ = {isa = PBXFileReference; fileEncoding = 4; lastKnownFileType = sourcecode.c.h; path = SJQuestionKindPicker.h; sourceTree = "<group>"; };
		1591153612D7839A00E622BE /* SJQuestionKindPicker.m */ = {isa = PBXFileReference; fileEncoding = 4; lastKnownFileType = sourcecode.c.objc; path = SJQuestionKindPicker.m; sourceTree = "<group>"; };
		1591153812D7840E00E622BE /* SJQuestionKindPicker.xib */ = {isa = PBXFileReference; lastKnownFileType = file.xib; path = SJQuestionKindPicker.xib; sourceTree = "<group>"; };
		159115AE12D7894D00E622BE /* SJQuestionSending.h */ = {isa = PBXFileReference; fileEncoding = 4; lastKnownFileType = sourcecode.c.h; path = SJQuestionSending.h; sourceTree = "<group>"; };
		159115AF12D7894D00E622BE /* SJQuestionSending.m */ = {isa = PBXFileReference; fileEncoding = 4; lastKnownFileType = sourcecode.c.objc; path = SJQuestionSending.m; sourceTree = "<group>"; };
		159783E712BD5FD9000862B3 /* SystemConfiguration.framework */ = {isa = PBXFileReference; lastKnownFileType = wrapper.framework; name = SystemConfiguration.framework; path = System/Library/Frameworks/SystemConfiguration.framework; sourceTree = SDKROOT; };
		159F777A129EAF0500C89A34 /* DidNotUnderstand.png */ = {isa = PBXFileReference; lastKnownFileType = image.png; name = DidNotUnderstand.png; path = ../Art/DidNotUnderstand.png; sourceTree = SOURCE_ROOT; };
		159F777B129EAF0500C89A34 /* DidNotUnderstand@2x.png */ = {isa = PBXFileReference; lastKnownFileType = image.png; name = "DidNotUnderstand@2x.png"; path = "../Art/DidNotUnderstand@2x.png"; sourceTree = SOURCE_ROOT; };
		159F777C129EAF0500C89A34 /* Freeform.png */ = {isa = PBXFileReference; lastKnownFileType = image.png; name = Freeform.png; path = ../Art/Freeform.png; sourceTree = SOURCE_ROOT; };
		159F777D129EAF0500C89A34 /* Freeform@2x.png */ = {isa = PBXFileReference; lastKnownFileType = image.png; name = "Freeform@2x.png"; path = "../Art/Freeform@2x.png"; sourceTree = SOURCE_ROOT; };
		159F777E129EAF0500C89A34 /* GoInDepth.png */ = {isa = PBXFileReference; lastKnownFileType = image.png; name = GoInDepth.png; path = ../Art/GoInDepth.png; sourceTree = SOURCE_ROOT; };
		159F777F129EAF0500C89A34 /* GoInDepth@2x.png */ = {isa = PBXFileReference; lastKnownFileType = image.png; name = "GoInDepth@2x.png"; path = "../Art/GoInDepth@2x.png"; sourceTree = SOURCE_ROOT; };
		159F7797129EB24100C89A34 /* CancelButtonShine.png */ = {isa = PBXFileReference; lastKnownFileType = image.png; name = CancelButtonShine.png; path = ../Art/CancelButtonShine.png; sourceTree = SOURCE_ROOT; };
		159F7798129EB24100C89A34 /* CancelButtonShine@2x.png */ = {isa = PBXFileReference; lastKnownFileType = image.png; name = "CancelButtonShine@2x.png"; path = "../Art/CancelButtonShine@2x.png"; sourceTree = SOURCE_ROOT; };
		159F779B129EB2A000C89A34 /* LargeButtonShine.png */ = {isa = PBXFileReference; lastKnownFileType = image.png; name = LargeButtonShine.png; path = ../Art/LargeButtonShine.png; sourceTree = SOURCE_ROOT; };
		159F779C129EB2A000C89A34 /* LargeButtonShine@2x.png */ = {isa = PBXFileReference; lastKnownFileType = image.png; name = "LargeButtonShine@2x.png"; path = "../Art/LargeButtonShine@2x.png"; sourceTree = SOURCE_ROOT; };
		15A46A63129F995400EC7A42 /* BackArrowToolbarIcon.png */ = {isa = PBXFileReference; lastKnownFileType = image.png; name = BackArrowToolbarIcon.png; path = ../Art/BackArrowToolbarIcon.png; sourceTree = SOURCE_ROOT; };
		15A46A64129F995400EC7A42 /* BackArrowToolbarIcon@2x.png */ = {isa = PBXFileReference; lastKnownFileType = image.png; name = "BackArrowToolbarIcon@2x.png"; path = "../Art/BackArrowToolbarIcon@2x.png"; sourceTree = SOURCE_ROOT; };
		15A46A65129F995400EC7A42 /* ForwardArrowToolbarIcon.png */ = {isa = PBXFileReference; lastKnownFileType = image.png; name = ForwardArrowToolbarIcon.png; path = ../Art/ForwardArrowToolbarIcon.png; sourceTree = SOURCE_ROOT; };
		15A46A66129F995400EC7A42 /* ForwardArrowToolbarIcon@2x.png */ = {isa = PBXFileReference; lastKnownFileType = image.png; name = "ForwardArrowToolbarIcon@2x.png"; path = "../Art/ForwardArrowToolbarIcon@2x.png"; sourceTree = SOURCE_ROOT; };
		15A46B45129FA50B00EC7A42 /* FastForwardArrowToolbarIcon.png */ = {isa = PBXFileReference; lastKnownFileType = image.png; name = FastForwardArrowToolbarIcon.png; path = ../Art/FastForwardArrowToolbarIcon.png; sourceTree = SOURCE_ROOT; };
		15A46B46129FA50B00EC7A42 /* FastForwardArrowToolbarIcon@2x.png */ = {isa = PBXFileReference; lastKnownFileType = image.png; name = "FastForwardArrowToolbarIcon@2x.png"; path = "../Art/FastForwardArrowToolbarIcon@2x.png"; sourceTree = SOURCE_ROOT; };
		15AF560012CF8A72000311EB /* SJSlideSync.h */ = {isa = PBXFileReference; fileEncoding = 4; lastKnownFileType = sourcecode.c.h; path = SJSlideSync.h; sourceTree = "<group>"; };
		15AF560112CF8A72000311EB /* SJSlideSync.m */ = {isa = PBXFileReference; fileEncoding = 4; lastKnownFileType = sourcecode.c.objc; path = SJSlideSync.m; sourceTree = "<group>"; };
		15B0370512D3213E000BA8B8 /* SJPresentationPane_v2.xib */ = {isa = PBXFileReference; lastKnownFileType = file.xib; path = SJPresentationPane_v2.xib; sourceTree = "<group>"; };
		15C044E912A2A13E00AD97AA /* SJMoodPicker.h */ = {isa = PBXFileReference; fileEncoding = 4; lastKnownFileType = sourcecode.c.h; path = SJMoodPicker.h; sourceTree = "<group>"; };
		15C044EA12A2A13E00AD97AA /* SJMoodPicker.m */ = {isa = PBXFileReference; fileEncoding = 4; lastKnownFileType = sourcecode.c.objc; path = SJMoodPicker.m; sourceTree = "<group>"; };
		15C0450F12A2F0E600AD97AA /* SJMoodPicker.xib */ = {isa = PBXFileReference; lastKnownFileType = file.xib; path = SJMoodPicker.xib; sourceTree = "<group>"; };
		15C0451712A2F32200AD97AA /* RightShadow.png */ = {isa = PBXFileReference; lastKnownFileType = image.png; path = RightShadow.png; sourceTree = "<group>"; };
		15C0452512A301AB00AD97AA /* BoredEmoticon.png */ = {isa = PBXFileReference; lastKnownFileType = image.png; name = BoredEmoticon.png; path = ../Art/BoredEmoticon.png; sourceTree = SOURCE_ROOT; };
		15C0452612A301AB00AD97AA /* ConfusedEmoticon.png */ = {isa = PBXFileReference; lastKnownFileType = image.png; name = ConfusedEmoticon.png; path = ../Art/ConfusedEmoticon.png; sourceTree = SOURCE_ROOT; };
		15C0452712A301AB00AD97AA /* EngagedEmoticon.png */ = {isa = PBXFileReference; lastKnownFileType = image.png; name = EngagedEmoticon.png; path = ../Art/EngagedEmoticon.png; sourceTree = SOURCE_ROOT; };
		15C0452812A301AB00AD97AA /* HappyEmoticonCategory.png */ = {isa = PBXFileReference; lastKnownFileType = image.png; name = HappyEmoticonCategory.png; path = ../Art/HappyEmoticonCategory.png; sourceTree = SOURCE_ROOT; };
		15C0452912A301AB00AD97AA /* HappyEmoticonCategory@2x.png */ = {isa = PBXFileReference; lastKnownFileType = image.png; name = "HappyEmoticonCategory@2x.png"; path = "../Art/HappyEmoticonCategory@2x.png"; sourceTree = SOURCE_ROOT; };
		15C0452A12A301AB00AD97AA /* InterestedEmoticon.png */ = {isa = PBXFileReference; lastKnownFileType = image.png; name = InterestedEmoticon.png; path = ../Art/InterestedEmoticon.png; sourceTree = SOURCE_ROOT; };
		15C0452B12A301AB00AD97AA /* ThoughtfulEmoticon.png */ = {isa = PBXFileReference; lastKnownFileType = image.png; name = ThoughtfulEmoticon.png; path = ../Art/ThoughtfulEmoticon.png; sourceTree = SOURCE_ROOT; };
		15C0452C12A301AB00AD97AA /* UnhappyEmoticonCategory.png */ = {isa = PBXFileReference; lastKnownFileType = image.png; name = UnhappyEmoticonCategory.png; path = ../Art/UnhappyEmoticonCategory.png; sourceTree = SOURCE_ROOT; };
		15C0452D12A301AB00AD97AA /* UnhappyEmoticonCategory@2x.png */ = {isa = PBXFileReference; lastKnownFileType = image.png; name = "UnhappyEmoticonCategory@2x.png"; path = "../Art/UnhappyEmoticonCategory@2x.png"; sourceTree = SOURCE_ROOT; };
		15C0452E12A301AB00AD97AA /* WhyAmIHereEmoticon.png */ = {isa = PBXFileReference; lastKnownFileType = image.png; name = WhyAmIHereEmoticon.png; path = ../Art/WhyAmIHereEmoticon.png; sourceTree = SOURCE_ROOT; };
		15C0465112A3B40B00AD97AA /* PopoverArrow.png */ = {isa = PBXFileReference; lastKnownFileType = image.png; name = PopoverArrow.png; path = ../Art/PopoverArrow.png; sourceTree = SOURCE_ROOT; };
		15C0465212A3B40B00AD97AA /* PopoverArrow@2x.png */ = {isa = PBXFileReference; lastKnownFileType = image.png; name = "PopoverArrow@2x.png"; path = "../Art/PopoverArrow@2x.png"; sourceTree = SOURCE_ROOT; };
		15C6EF4112A6972A0030C085 /* Settings.bundle */ = {isa = PBXFileReference; lastKnownFileType = "wrapper.plug-in"; path = Settings.bundle; sourceTree = "<group>"; };
		15D4366312845104005DBAE3 /* SJPointTableViewCell.h */ = {isa = PBXFileReference; fileEncoding = 4; lastKnownFileType = sourcecode.c.h; path = SJPointTableViewCell.h; sourceTree = "<group>"; };
		15D4366412845104005DBAE3 /* SJPointTableViewCell.m */ = {isa = PBXFileReference; fileEncoding = 4; lastKnownFileType = sourcecode.c.objc; path = SJPointTableViewCell.m; sourceTree = "<group>"; };
		15D43683128451C3005DBAE3 /* SJPointTableViewCell.xib */ = {isa = PBXFileReference; lastKnownFileType = file.xib; path = SJPointTableViewCell.xib; sourceTree = "<group>"; };
		15D436DA12845D74005DBAE3 /* TopShadow.png */ = {isa = PBXFileReference; lastKnownFileType = image.png; path = TopShadow.png; sourceTree = "<group>"; };
		15D436DC12845ECF005DBAE3 /* BottomShadow.png */ = {isa = PBXFileReference; lastKnownFileType = image.png; path = BottomShadow.png; sourceTree = "<group>"; };
		15E6481A1286B887005975D2 /* Controls.xcodeproj */ = {isa = PBXFileReference; lastKnownFileType = "wrapper.pb-project"; name = Controls.xcodeproj; path = ../LabsFoundation.line/iOS/Controls/Controls.xcodeproj; sourceTree = SOURCE_ROOT; };
		15E649591286C8E7005975D2 /* Networking.xcodeproj */ = {isa = PBXFileReference; lastKnownFileType = "wrapper.pb-project"; name = Networking.xcodeproj; path = ../LabsFoundation.line/iOS/Networking/Networking.xcodeproj; sourceTree = SOURCE_ROOT; };
		15E64AB31286EB85005975D2 /* SJQuestion.h */ = {isa = PBXFileReference; fileEncoding = 4; lastKnownFileType = sourcecode.c.h; path = SJQuestion.h; sourceTree = "<group>"; };
		15E64AB41286EB85005975D2 /* SJQuestion.m */ = {isa = PBXFileReference; fileEncoding = 4; lastKnownFileType = sourcecode.c.objc; path = SJQuestion.m; sourceTree = "<group>"; };
		15FBF1B71281750F005D68B6 /* Balloon.png */ = {isa = PBXFileReference; lastKnownFileType = image.png; path = Balloon.png; sourceTree = "<group>"; };
		15FBF1B912817512005D68B6 /* Balloon@2x.png */ = {isa = PBXFileReference; lastKnownFileType = image.png; path = "Balloon@2x.png"; sourceTree = "<group>"; };
		15FBF1BC12817582005D68B6 /* SJPoseAQuestionPane.h */ = {isa = PBXFileReference; fileEncoding = 4; lastKnownFileType = sourcecode.c.h; path = SJPoseAQuestionPane.h; sourceTree = "<group>"; };
		15FBF1BD12817582005D68B6 /* SJPoseAQuestionPane.m */ = {isa = PBXFileReference; fileEncoding = 4; lastKnownFileType = sourcecode.c.objc; path = SJPoseAQuestionPane.m; sourceTree = "<group>"; };
		15FBF1BE12817582005D68B6 /* SJPoseAQuestionPane.xib */ = {isa = PBXFileReference; lastKnownFileType = file.xib; path = SJPoseAQuestionPane.xib; sourceTree = "<group>"; };
		15FBF1DD12817F93005D68B6 /* ViewControllers.xcodeproj */ = {isa = PBXFileReference; lastKnownFileType = "wrapper.pb-project"; name = ViewControllers.xcodeproj; path = ../LabsFoundation.line/iOS/ViewControllers/ViewControllers.xcodeproj; sourceTree = SOURCE_ROOT; };
		15FD03D2126DB15900353B83 /* SJPresentation.h */ = {isa = PBXFileReference; fileEncoding = 4; lastKnownFileType = sourcecode.c.h; path = SJPresentation.h; sourceTree = "<group>"; };
		15FD03D3126DB15900353B83 /* SJPresentation.m */ = {isa = PBXFileReference; fileEncoding = 4; lastKnownFileType = sourcecode.c.objc; path = SJPresentation.m; sourceTree = "<group>"; };
		15FD03DA126DB29D00353B83 /* SJSlide.h */ = {isa = PBXFileReference; fileEncoding = 4; lastKnownFileType = sourcecode.c.h; path = SJSlide.h; sourceTree = "<group>"; };
		15FD03DB126DB29D00353B83 /* SJSlide.m */ = {isa = PBXFileReference; fileEncoding = 4; lastKnownFileType = sourcecode.c.objc; path = SJSlide.m; sourceTree = "<group>"; };
		15FD03DD126DB2DA00353B83 /* SJPoint.h */ = {isa = PBXFileReference; fileEncoding = 4; lastKnownFileType = sourcecode.c.h; path = SJPoint.h; sourceTree = "<group>"; };
		15FD03DE126DB2DA00353B83 /* SJPoint.m */ = {isa = PBXFileReference; fileEncoding = 4; lastKnownFileType = sourcecode.c.objc; path = SJPoint.m; sourceTree = "<group>"; };
		15FED31312D8C7B7007229B2 /* BoredEmoticon-Small.png */ = {isa = PBXFileReference; lastKnownFileType = image.png; name = "BoredEmoticon-Small.png"; path = "../Art/BoredEmoticon-Small.png"; sourceTree = SOURCE_ROOT; };
		15FED31412D8C7B7007229B2 /* BoredEmoticon-Small@2x.png */ = {isa = PBXFileReference; lastKnownFileType = image.png; name = "BoredEmoticon-Small@2x.png"; path = "../Art/BoredEmoticon-Small@2x.png"; sourceTree = SOURCE_ROOT; };
		15FED31512D8C7B7007229B2 /* ConfusedEmoticon-Small.png */ = {isa = PBXFileReference; lastKnownFileType = image.png; name = "ConfusedEmoticon-Small.png"; path = "../Art/ConfusedEmoticon-Small.png"; sourceTree = SOURCE_ROOT; };
		15FED31612D8C7B7007229B2 /* ConfusedEmoticon-Small@2x.png */ = {isa = PBXFileReference; lastKnownFileType = image.png; name = "ConfusedEmoticon-Small@2x.png"; path = "../Art/ConfusedEmoticon-Small@2x.png"; sourceTree = SOURCE_ROOT; };
		15FED31712D8C7B7007229B2 /* EngagedEmoticon-Small.png */ = {isa = PBXFileReference; lastKnownFileType = image.png; name = "EngagedEmoticon-Small.png"; path = "../Art/EngagedEmoticon-Small.png"; sourceTree = SOURCE_ROOT; };
		15FED31812D8C7B7007229B2 /* EngagedEmoticon-Small@2x.png */ = {isa = PBXFileReference; lastKnownFileType = image.png; name = "EngagedEmoticon-Small@2x.png"; path = "../Art/EngagedEmoticon-Small@2x.png"; sourceTree = SOURCE_ROOT; };
		15FED31912D8C7B7007229B2 /* InterestedEmoticon-Small.png */ = {isa = PBXFileReference; lastKnownFileType = image.png; name = "InterestedEmoticon-Small.png"; path = "../Art/InterestedEmoticon-Small.png"; sourceTree = SOURCE_ROOT; };
		15FED31A12D8C7B7007229B2 /* InterestedEmoticon-Small@2x.png */ = {isa = PBXFileReference; lastKnownFileType = image.png; name = "InterestedEmoticon-Small@2x.png"; path = "../Art/InterestedEmoticon-Small@2x.png"; sourceTree = SOURCE_ROOT; };
		15FED31B12D8C7B7007229B2 /* ThoughtfulEmoticon-Small.png */ = {isa = PBXFileReference; lastKnownFileType = image.png; name = "ThoughtfulEmoticon-Small.png"; path = "../Art/ThoughtfulEmoticon-Small.png"; sourceTree = SOURCE_ROOT; };
		15FED31C12D8C7B7007229B2 /* ThoughtfulEmoticon-Small@2x.png */ = {isa = PBXFileReference; lastKnownFileType = image.png; name = "ThoughtfulEmoticon-Small@2x.png"; path = "../Art/ThoughtfulEmoticon-Small@2x.png"; sourceTree = SOURCE_ROOT; };
		15FED31D12D8C7B7007229B2 /* WhyAmIHereEmoticon-Small.png */ = {isa = PBXFileReference; lastKnownFileType = image.png; name = "WhyAmIHereEmoticon-Small.png"; path = "../Art/WhyAmIHereEmoticon-Small.png"; sourceTree = SOURCE_ROOT; };
		15FED31E12D8C7B7007229B2 /* WhyAmIHereEmoticon-Small@2x.png */ = {isa = PBXFileReference; lastKnownFileType = image.png; name = "WhyAmIHereEmoticon-Small@2x.png"; path = "../Art/WhyAmIHereEmoticon-Small@2x.png"; sourceTree = SOURCE_ROOT; };
		15FED33912D8C99A007229B2 /* SJMoodSending.h */ = {isa = PBXFileReference; fileEncoding = 4; lastKnownFileType = sourcecode.c.h; path = SJMoodSending.h; sourceTree = "<group>"; };
		15FED33A12D8C99A007229B2 /* SJMoodSending.m */ = {isa = PBXFileReference; fileEncoding = 4; lastKnownFileType = sourcecode.c.objc; path = SJMoodSending.m; sourceTree = "<group>"; };
		1D30AB110D05D00D00671497 /* Foundation.framework */ = {isa = PBXFileReference; lastKnownFileType = wrapper.framework; name = Foundation.framework; path = System/Library/Frameworks/Foundation.framework; sourceTree = SDKROOT; };
		1D3623240D0F684500981E51 /* SJAppDelegate.h */ = {isa = PBXFileReference; fileEncoding = 4; lastKnownFileType = sourcecode.c.h; path = SJAppDelegate.h; sourceTree = "<group>"; };
		1D3623250D0F684500981E51 /* SJAppDelegate.m */ = {isa = PBXFileReference; fileEncoding = 4; lastKnownFileType = sourcecode.c.objc; path = SJAppDelegate.m; sourceTree = "<group>"; };
		1D6058910D05DD3D006BFB54 /* Subject.app */ = {isa = PBXFileReference; explicitFileType = wrapper.application; includeInIndex = 0; path = Subject.app; sourceTree = BUILT_PRODUCTS_DIR; };
		1DF5F4DF0D08C38300B7A737 /* UIKit.framework */ = {isa = PBXFileReference; lastKnownFileType = wrapper.framework; name = UIKit.framework; path = System/Library/Frameworks/UIKit.framework; sourceTree = SDKROOT; };
		288765A40DF7441C002DB57D /* CoreGraphics.framework */ = {isa = PBXFileReference; lastKnownFileType = wrapper.framework; name = CoreGraphics.framework; path = System/Library/Frameworks/CoreGraphics.framework; sourceTree = SDKROOT; };
		28AD733E0D9D9553002E5188 /* MainWindow.xib */ = {isa = PBXFileReference; lastKnownFileType = file.xib; path = MainWindow.xib; sourceTree = "<group>"; };
		28C3AD890F43EF2300507BA6 /* Subject.xcdatamodel */ = {isa = PBXFileReference; fileEncoding = 4; lastKnownFileType = wrapper.xcdatamodel; path = Subject.xcdatamodel; sourceTree = "<group>"; };
		28D801B30F44B63D00FB423F /* CoreData.framework */ = {isa = PBXFileReference; lastKnownFileType = wrapper.framework; name = CoreData.framework; path = System/Library/Frameworks/CoreData.framework; sourceTree = SDKROOT; };
		29B97316FDCFA39411CA2CEA /* main.m */ = {isa = PBXFileReference; fileEncoding = 4; lastKnownFileType = sourcecode.c.objc; path = main.m; sourceTree = "<group>"; };
		32CA4F630368D1EE00C91783 /* Subject_Prefix.pch */ = {isa = PBXFileReference; fileEncoding = 4; lastKnownFileType = sourcecode.c.h; path = Subject_Prefix.pch; sourceTree = "<group>"; };
		8D1107310486CEB800E47090 /* Subject-Info.plist */ = {isa = PBXFileReference; fileEncoding = 4; lastKnownFileType = text.plist.xml; path = "Subject-Info.plist"; plistStructureDefinitionIdentifier = "com.apple.xcode.plist.structure-definition.iphone.info-plist"; sourceTree = "<group>"; };
/* End PBXFileReference section */

/* Begin PBXFrameworksBuildPhase section */
		1D60588F0D05DD3D006BFB54 /* Frameworks */ = {
			isa = PBXFrameworksBuildPhase;
			buildActionMask = 2147483647;
			files = (
				15E6495F1286C8EB005975D2 /* libNetworking-iOS.a in Frameworks */,
				15E648201286B88E005975D2 /* libControls.a in Frameworks */,
				15D4368012845185005DBAE3 /* libViewControllers.a in Frameworks */,
				154437B112759D88003197B3 /* libClient-iOS.a in Frameworks */,
				1D60589F0D05DD5A006BFB54 /* Foundation.framework in Frameworks */,
				1DF5F4E00D08C38300B7A737 /* UIKit.framework in Frameworks */,
				288765A50DF7441C002DB57D /* CoreGraphics.framework in Frameworks */,
				28D801B40F44B63D00FB423F /* CoreData.framework in Frameworks */,
				156F246B12735605000BC614 /* QuartzCore.framework in Frameworks */,
				159783E812BD5FD9000862B3 /* SystemConfiguration.framework in Frameworks */,
				158B8A3E12C09F45007CB814 /* CFNetwork.framework in Frameworks */,
			);
			runOnlyForDeploymentPostprocessing = 0;
		};
/* End PBXFrameworksBuildPhase section */

/* Begin PBXGroup section */
		080E96DDFE201D6D7F000001 /* Classes */ = {
			isa = PBXGroup;
			children = (
				158B8A3012C09E54007CB814 /* NSLogger */,
				156F244712734E24000BC614 /* Views */,
				15FD03D1126DB14900353B83 /* Model */,
				1D3623240D0F684500981E51 /* SJAppDelegate.h */,
				1D3623250D0F684500981E51 /* SJAppDelegate.m */,
			);
			path = Classes;
			sourceTree = "<group>";
		};
		154437A912759D80003197B3 /* Products */ = {
			isa = PBXGroup;
			children = (
				154437AE12759D80003197B3 /* SJClient.framework */,
				154437B012759D80003197B3 /* libClient-iOS.a */,
				15FCC8E412D1D73800D52E53 /* libClient-Mac.a */,
			);
			name = Products;
			sourceTree = "<group>";
		};
		15620EFB12C23786009750D1 /* New-style Client Stuff */ = {
			isa = PBXGroup;
			children = (
				15AF55FF12CF8A67000311EB /* Sync */,
				15620EF712C2373A009750D1 /* SJPresentationPane_v2.h */,
				15620EF812C2373A009750D1 /* SJPresentationPane_v2.m */,
				15B0370512D3213E000BA8B8 /* SJPresentationPane_v2.xib */,
				1591153512D7839A00E622BE /* SJQuestionKindPicker.h */,
				1591153612D7839A00E622BE /* SJQuestionKindPicker.m */,
				1591153812D7840E00E622BE /* SJQuestionKindPicker.xib */,
			);
			name = "New-style Client Stuff";
			sourceTree = "<group>";
		};
		156F244712734E24000BC614 /* Views */ = {
			isa = PBXGroup;
			children = (
				156F244812734EA9000BC614 /* SJPresentationPane.h */,
				156F244912734EA9000BC614 /* SJPresentationPane.m */,
				156F244B12734FC7000BC614 /* SJPresentationPane.xib */,
				15FBF1BC12817582005D68B6 /* SJPoseAQuestionPane.h */,
				15FBF1BD12817582005D68B6 /* SJPoseAQuestionPane.m */,
				15FBF1BE12817582005D68B6 /* SJPoseAQuestionPane.xib */,
				15D4366312845104005DBAE3 /* SJPointTableViewCell.h */,
				15D4366412845104005DBAE3 /* SJPointTableViewCell.m */,
				15D43683128451C3005DBAE3 /* SJPointTableViewCell.xib */,
				15D436DA12845D74005DBAE3 /* TopShadow.png */,
				15D436DC12845ECF005DBAE3 /* BottomShadow.png */,
				15C0451712A2F32200AD97AA /* RightShadow.png */,
				15C044E912A2A13E00AD97AA /* SJMoodPicker.h */,
				15C044EA12A2A13E00AD97AA /* SJMoodPicker.m */,
				15C0450F12A2F0E600AD97AA /* SJMoodPicker.xib */,
				15620EFB12C23786009750D1 /* New-style Client Stuff */,
			);
			name = Views;
			sourceTree = "<group>";
		};
		158B8A3012C09E54007CB814 /* NSLogger */ = {
			isa = PBXGroup;
			children = (
				158B8A3112C09E5C007CB814 /* LoggerCommon.h */,
				158B8A3212C09E5C007CB814 /* LoggerClient.m */,
				158B8A3312C09E5C007CB814 /* LoggerClient.h */,
				158B8A3512C09E6B007CB814 /* ILNSLoggerSensorTap.h */,
				158B8A3612C09E6B007CB814 /* ILNSLoggerSensorTap.m */,
			);
			name = NSLogger;
			sourceTree = "<group>";
		};
		15AF55FF12CF8A67000311EB /* Sync */ = {
			isa = PBXGroup;
			children = (
				15AF560012CF8A72000311EB /* SJSlideSync.h */,
				15AF560112CF8A72000311EB /* SJSlideSync.m */,
				1555C25512D1EC1E005A3D09 /* SJPresentationSync.h */,
				1555C25612D1EC1E005A3D09 /* SJPresentationSync.m */,
				1555C40712D20C96005A3D09 /* SJPointSync.h */,
				1555C40812D20C96005A3D09 /* SJPointSync.m */,
				1555C45412D223E8005A3D09 /* SJQuestionSync.h */,
				1555C45512D223E8005A3D09 /* SJQuestionSync.m */,
				159115AE12D7894D00E622BE /* SJQuestionSending.h */,
				159115AF12D7894D00E622BE /* SJQuestionSending.m */,
				15FED33912D8C99A007229B2 /* SJMoodSending.h */,
				15FED33A12D8C99A007229B2 /* SJMoodSending.m */,
			);
			name = Sync;
			sourceTree = "<group>";
		};
		15D4365E128450DF005DBAE3 /* Labs Foundation */ = {
			isa = PBXGroup;
			children = (
				15E649591286C8E7005975D2 /* Networking.xcodeproj */,
				15E6481A1286B887005975D2 /* Controls.xcodeproj */,
				15FBF1DD12817F93005D68B6 /* ViewControllers.xcodeproj */,
			);
			name = "Labs Foundation";
			sourceTree = "<group>";
		};
		15E6481B1286B887005975D2 /* Products */ = {
			isa = PBXGroup;
			children = (
				15E6481F1286B887005975D2 /* libControls.a */,
			);
			name = Products;
			sourceTree = "<group>";
		};
		15E6495A1286C8E7005975D2 /* Products */ = {
			isa = PBXGroup;
			children = (
				15E6495E1286C8E8005975D2 /* libNetworking-iOS.a */,
				15FED30E12D8C580007229B2 /* libNetworking-Mac.a */,
			);
			name = Products;
			sourceTree = "<group>";
		};
		15FBF1DE12817F93005D68B6 /* Products */ = {
			isa = PBXGroup;
			children = (
				15FBF1E512817F93005D68B6 /* libViewControllers.a */,
			);
			name = Products;
			sourceTree = "<group>";
		};
		15FD03D1126DB14900353B83 /* Model */ = {
			isa = PBXGroup;
			children = (
				15FD03D2126DB15900353B83 /* SJPresentation.h */,
				15FD03D3126DB15900353B83 /* SJPresentation.m */,
				15FD03DA126DB29D00353B83 /* SJSlide.h */,
				15FD03DB126DB29D00353B83 /* SJSlide.m */,
				15FD03DD126DB2DA00353B83 /* SJPoint.h */,
				15FD03DE126DB2DA00353B83 /* SJPoint.m */,
				156F27D412703486005C6F71 /* SJLive.h */,
				156F27D512703486005C6F71 /* SJLive.m */,
				156F28C81270DF2B005C6F71 /* ILManagedObject.h */,
				156F28C91270DF2B005C6F71 /* ILManagedObject.m */,
				15E64AB31286EB85005975D2 /* SJQuestion.h */,
				15E64AB41286EB85005975D2 /* SJQuestion.m */,
			);
			name = Model;
			sourceTree = "<group>";
		};
		19C28FACFE9D520D11CA2CBB /* Products */ = {
			isa = PBXGroup;
			children = (
				1D6058910D05DD3D006BFB54 /* Subject.app */,
				150044241280711400E4BF1D /* libClient-iOS.a */,
			);
			name = Products;
			sourceTree = "<group>";
		};
		29B97314FDCFA39411CA2CEA /* CustomTemplate */ = {
			isa = PBXGroup;
			children = (
				15D4365E128450DF005DBAE3 /* Labs Foundation */,
				154437A812759D80003197B3 /* Client.xcodeproj */,
				080E96DDFE201D6D7F000001 /* Classes */,
				29B97315FDCFA39411CA2CEA /* Other Sources */,
				29B97317FDCFA39411CA2CEA /* Resources */,
				29B97323FDCFA39411CA2CEA /* Frameworks */,
				19C28FACFE9D520D11CA2CBB /* Products */,
				156F246A12735605000BC614 /* QuartzCore.framework */,
				159783E712BD5FD9000862B3 /* SystemConfiguration.framework */,
				158B8A3D12C09F45007CB814 /* CFNetwork.framework */,
			);
			name = CustomTemplate;
			sourceTree = "<group>";
		};
		29B97315FDCFA39411CA2CEA /* Other Sources */ = {
			isa = PBXGroup;
			children = (
				32CA4F630368D1EE00C91783 /* Subject_Prefix.pch */,
				29B97316FDCFA39411CA2CEA /* main.m */,
			);
			name = "Other Sources";
			sourceTree = "<group>";
		};
		29B97317FDCFA39411CA2CEA /* Resources */ = {
			isa = PBXGroup;
			children = (
				2819305F112F816700ECF9B4 /* Subject.xcdatamodeld */,
				28AD733E0D9D9553002E5188 /* MainWindow.xib */,
				8D1107310486CEB800E47090 /* Subject-Info.plist */,
				15FBF1B71281750F005D68B6 /* Balloon.png */,
				15FBF1B912817512005D68B6 /* Balloon@2x.png */,
				159F777A129EAF0500C89A34 /* DidNotUnderstand.png */,
				159F777B129EAF0500C89A34 /* DidNotUnderstand@2x.png */,
				159F777C129EAF0500C89A34 /* Freeform.png */,
				159F777D129EAF0500C89A34 /* Freeform@2x.png */,
				159F777E129EAF0500C89A34 /* GoInDepth.png */,
				159F777F129EAF0500C89A34 /* GoInDepth@2x.png */,
				159F7797129EB24100C89A34 /* CancelButtonShine.png */,
				159F7798129EB24100C89A34 /* CancelButtonShine@2x.png */,
				159F779B129EB2A000C89A34 /* LargeButtonShine.png */,
				159F779C129EB2A000C89A34 /* LargeButtonShine@2x.png */,
				15A46A63129F995400EC7A42 /* BackArrowToolbarIcon.png */,
				15A46A64129F995400EC7A42 /* BackArrowToolbarIcon@2x.png */,
				15A46A65129F995400EC7A42 /* ForwardArrowToolbarIcon.png */,
				15A46A66129F995400EC7A42 /* ForwardArrowToolbarIcon@2x.png */,
				15A46B45129FA50B00EC7A42 /* FastForwardArrowToolbarIcon.png */,
				15A46B46129FA50B00EC7A42 /* FastForwardArrowToolbarIcon@2x.png */,
				1538E01112A1573700D5A056 /* EmoticonToolbarIcon.png */,
				1538E01212A1573700D5A056 /* EmoticonToolbarIcon@2x.png */,
				15C0452512A301AB00AD97AA /* BoredEmoticon.png */,
				15C0452612A301AB00AD97AA /* ConfusedEmoticon.png */,
				15C0452712A301AB00AD97AA /* EngagedEmoticon.png */,
				15C0452812A301AB00AD97AA /* HappyEmoticonCategory.png */,
				15C0452912A301AB00AD97AA /* HappyEmoticonCategory@2x.png */,
				15C0452A12A301AB00AD97AA /* InterestedEmoticon.png */,
				15C0452B12A301AB00AD97AA /* ThoughtfulEmoticon.png */,
				15C0452C12A301AB00AD97AA /* UnhappyEmoticonCategory.png */,
				15C0452D12A301AB00AD97AA /* UnhappyEmoticonCategory@2x.png */,
				15C0452E12A301AB00AD97AA /* WhyAmIHereEmoticon.png */,
				15C0465112A3B40B00AD97AA /* PopoverArrow.png */,
				15C0465212A3B40B00AD97AA /* PopoverArrow@2x.png */,
				15FED31312D8C7B7007229B2 /* BoredEmoticon-Small.png */,
				15FED31412D8C7B7007229B2 /* BoredEmoticon-Small@2x.png */,
				15FED31512D8C7B7007229B2 /* ConfusedEmoticon-Small.png */,
				15FED31612D8C7B7007229B2 /* ConfusedEmoticon-Small@2x.png */,
				15FED31712D8C7B7007229B2 /* EngagedEmoticon-Small.png */,
				15FED31812D8C7B7007229B2 /* EngagedEmoticon-Small@2x.png */,
				15FED31912D8C7B7007229B2 /* InterestedEmoticon-Small.png */,
				15FED31A12D8C7B7007229B2 /* InterestedEmoticon-Small@2x.png */,
				15FED31B12D8C7B7007229B2 /* ThoughtfulEmoticon-Small.png */,
				15FED31C12D8C7B7007229B2 /* ThoughtfulEmoticon-Small@2x.png */,
				15FED31D12D8C7B7007229B2 /* WhyAmIHereEmoticon-Small.png */,
				15FED31E12D8C7B7007229B2 /* WhyAmIHereEmoticon-Small@2x.png */,
				15C6EF4112A6972A0030C085 /* Settings.bundle */,
			);
			name = Resources;
			sourceTree = "<group>";
		};
		29B97323FDCFA39411CA2CEA /* Frameworks */ = {
			isa = PBXGroup;
			children = (
				1DF5F4DF0D08C38300B7A737 /* UIKit.framework */,
				1D30AB110D05D00D00671497 /* Foundation.framework */,
				288765A40DF7441C002DB57D /* CoreGraphics.framework */,
				28D801B30F44B63D00FB423F /* CoreData.framework */,
			);
			name = Frameworks;
			sourceTree = "<group>";
		};
/* End PBXGroup section */

/* Begin PBXNativeTarget section */
		1D6058900D05DD3D006BFB54 /* Subject */ = {
			isa = PBXNativeTarget;
			buildConfigurationList = 1D6058960D05DD3E006BFB54 /* Build configuration list for PBXNativeTarget "Subject" */;
			buildPhases = (
				1D60588D0D05DD3D006BFB54 /* Resources */,
				1D60588E0D05DD3D006BFB54 /* Sources */,
				1D60588F0D05DD3D006BFB54 /* Frameworks */,
			);
			buildRules = (
			);
			dependencies = (
				154437B712759DD2003197B3 /* PBXTargetDependency */,
				15FBF1E712817F9C005D68B6 /* PBXTargetDependency */,
				15E648221286B893005975D2 /* PBXTargetDependency */,
				15E649611286C8F1005975D2 /* PBXTargetDependency */,
			);
			name = Subject;
			productName = Subject;
			productReference = 1D6058910D05DD3D006BFB54 /* Subject.app */;
			productType = "com.apple.product-type.application";
		};
/* End PBXNativeTarget section */

/* Begin PBXProject section */
		29B97313FDCFA39411CA2CEA /* Project object */ = {
			isa = PBXProject;
			attributes = {
				ORGANIZATIONNAME = "Emanuele Vulcano (Infinite Labs)";
			};
			buildConfigurationList = C01FCF4E08A954540054247B /* Build configuration list for PBXProject "Subject" */;
			compatibilityVersion = "Xcode 3.2";
			developmentRegion = English;
			hasScannedForEncodings = 1;
			knownRegions = (
				English,
				Japanese,
				French,
				German,
			);
			mainGroup = 29B97314FDCFA39411CA2CEA /* CustomTemplate */;
			projectDirPath = "";
			projectReferences = (
				{
					ProductGroup = 154437A912759D80003197B3 /* Products */;
					ProjectRef = 154437A812759D80003197B3 /* Client.xcodeproj */;
				},
				{
					ProductGroup = 15E6481B1286B887005975D2 /* Products */;
					ProjectRef = 15E6481A1286B887005975D2 /* Controls.xcodeproj */;
				},
				{
					ProductGroup = 15E6495A1286C8E7005975D2 /* Products */;
					ProjectRef = 15E649591286C8E7005975D2 /* Networking.xcodeproj */;
				},
				{
					ProductGroup = 15FBF1DE12817F93005D68B6 /* Products */;
					ProjectRef = 15FBF1DD12817F93005D68B6 /* ViewControllers.xcodeproj */;
				},
			);
			projectRoot = "";
			targets = (
				1D6058900D05DD3D006BFB54 /* Subject */,
			);
		};
/* End PBXProject section */

/* Begin PBXReferenceProxy section */
		154437AE12759D80003197B3 /* SJClient.framework */ = {
			isa = PBXReferenceProxy;
			fileType = wrapper.framework;
			path = SJClient.framework;
			remoteRef = 154437AD12759D80003197B3 /* PBXContainerItemProxy */;
			sourceTree = BUILT_PRODUCTS_DIR;
		};
		154437B012759D80003197B3 /* libClient-iOS.a */ = {
			isa = PBXReferenceProxy;
			fileType = archive.ar;
			path = "libClient-iOS.a";
			remoteRef = 154437AF12759D80003197B3 /* PBXContainerItemProxy */;
			sourceTree = BUILT_PRODUCTS_DIR;
		};
		15E6481F1286B887005975D2 /* libControls.a */ = {
			isa = PBXReferenceProxy;
			fileType = archive.ar;
			path = libControls.a;
			remoteRef = 15E6481E1286B887005975D2 /* PBXContainerItemProxy */;
			sourceTree = BUILT_PRODUCTS_DIR;
		};
		15E6495E1286C8E8005975D2 /* libNetworking-iOS.a */ = {
			isa = PBXReferenceProxy;
			fileType = archive.ar;
			path = "libNetworking-iOS.a";
			remoteRef = 15E6495D1286C8E8005975D2 /* PBXContainerItemProxy */;
			sourceTree = BUILT_PRODUCTS_DIR;
		};
		15FBF1E512817F93005D68B6 /* libViewControllers.a */ = {
			isa = PBXReferenceProxy;
			fileType = archive.ar;
			path = libViewControllers.a;
			remoteRef = 15FBF1E412817F93005D68B6 /* PBXContainerItemProxy */;
			sourceTree = BUILT_PRODUCTS_DIR;
		};
		15FCC8E412D1D73800D52E53 /* libClient-Mac.a */ = {
			isa = PBXReferenceProxy;
			fileType = archive.ar;
			path = "libClient-Mac.a";
			remoteRef = 15FCC8E312D1D73800D52E53 /* PBXContainerItemProxy */;
			sourceTree = BUILT_PRODUCTS_DIR;
		};
		15FED30E12D8C580007229B2 /* libNetworking-Mac.a */ = {
			isa = PBXReferenceProxy;
			fileType = archive.ar;
			path = "libNetworking-Mac.a";
			remoteRef = 15FED30D12D8C580007229B2 /* PBXContainerItemProxy */;
			sourceTree = BUILT_PRODUCTS_DIR;
		};
/* End PBXReferenceProxy section */

/* Begin PBXResourcesBuildPhase section */
		1D60588D0D05DD3D006BFB54 /* Resources */ = {
			isa = PBXResourcesBuildPhase;
			buildActionMask = 2147483647;
			files = (
				28AD733F0D9D9553002E5188 /* MainWindow.xib in Resources */,
				156F244C12734FC7000BC614 /* SJPresentationPane.xib in Resources */,
				15FBF1B812817510005D68B6 /* Balloon.png in Resources */,
				15FBF1BA12817513005D68B6 /* Balloon@2x.png in Resources */,
				15FBF1C012817582005D68B6 /* SJPoseAQuestionPane.xib in Resources */,
				15D43684128451C3005DBAE3 /* SJPointTableViewCell.xib in Resources */,
				15D436DB12845D74005DBAE3 /* TopShadow.png in Resources */,
				15D436DD12845ECF005DBAE3 /* BottomShadow.png in Resources */,
				159F7780129EAF0500C89A34 /* DidNotUnderstand.png in Resources */,
				159F7781129EAF0500C89A34 /* DidNotUnderstand@2x.png in Resources */,
				159F7782129EAF0500C89A34 /* Freeform.png in Resources */,
				159F7783129EAF0500C89A34 /* Freeform@2x.png in Resources */,
				159F7784129EAF0500C89A34 /* GoInDepth.png in Resources */,
				159F7785129EAF0500C89A34 /* GoInDepth@2x.png in Resources */,
				159F7799129EB24100C89A34 /* CancelButtonShine.png in Resources */,
				159F779A129EB24100C89A34 /* CancelButtonShine@2x.png in Resources */,
				159F779D129EB2A000C89A34 /* LargeButtonShine.png in Resources */,
				159F779E129EB2A000C89A34 /* LargeButtonShine@2x.png in Resources */,
				15A46A67129F995400EC7A42 /* BackArrowToolbarIcon.png in Resources */,
				15A46A68129F995400EC7A42 /* BackArrowToolbarIcon@2x.png in Resources */,
				15A46A69129F995400EC7A42 /* ForwardArrowToolbarIcon.png in Resources */,
				15A46A6A129F995400EC7A42 /* ForwardArrowToolbarIcon@2x.png in Resources */,
				15A46B47129FA50B00EC7A42 /* FastForwardArrowToolbarIcon.png in Resources */,
				15A46B48129FA50B00EC7A42 /* FastForwardArrowToolbarIcon@2x.png in Resources */,
				1538E01312A1573700D5A056 /* EmoticonToolbarIcon.png in Resources */,
				1538E01412A1573700D5A056 /* EmoticonToolbarIcon@2x.png in Resources */,
				15C0451012A2F0E600AD97AA /* SJMoodPicker.xib in Resources */,
				15C0451812A2F32200AD97AA /* RightShadow.png in Resources */,
				15C0452F12A301AB00AD97AA /* BoredEmoticon.png in Resources */,
				15C0453012A301AB00AD97AA /* ConfusedEmoticon.png in Resources */,
				15C0453112A301AB00AD97AA /* EngagedEmoticon.png in Resources */,
				15C0453212A301AB00AD97AA /* HappyEmoticonCategory.png in Resources */,
				15C0453312A301AB00AD97AA /* HappyEmoticonCategory@2x.png in Resources */,
				15C0453412A301AB00AD97AA /* InterestedEmoticon.png in Resources */,
				15C0453512A301AB00AD97AA /* ThoughtfulEmoticon.png in Resources */,
				15C0453612A301AB00AD97AA /* UnhappyEmoticonCategory.png in Resources */,
				15C0453712A301AB00AD97AA /* UnhappyEmoticonCategory@2x.png in Resources */,
				15C0453812A301AB00AD97AA /* WhyAmIHereEmoticon.png in Resources */,
				15C0465312A3B40B00AD97AA /* PopoverArrow.png in Resources */,
				15C0465412A3B40B00AD97AA /* PopoverArrow@2x.png in Resources */,
				15C6EF4212A6972A0030C085 /* Settings.bundle in Resources */,
				15B0370612D3213E000BA8B8 /* SJPresentationPane_v2.xib in Resources */,
				1591153912D7840E00E622BE /* SJQuestionKindPicker.xib in Resources */,
				15FED31F12D8C7B7007229B2 /* BoredEmoticon-Small.png in Resources */,
				15FED32012D8C7B7007229B2 /* BoredEmoticon-Small@2x.png in Resources */,
				15FED32112D8C7B7007229B2 /* ConfusedEmoticon-Small.png in Resources */,
				15FED32212D8C7B7007229B2 /* ConfusedEmoticon-Small@2x.png in Resources */,
				15FED32312D8C7B7007229B2 /* EngagedEmoticon-Small.png in Resources */,
				15FED32412D8C7B7007229B2 /* EngagedEmoticon-Small@2x.png in Resources */,
				15FED32512D8C7B7007229B2 /* InterestedEmoticon-Small.png in Resources */,
				15FED32612D8C7B7007229B2 /* InterestedEmoticon-Small@2x.png in Resources */,
				15FED32712D8C7B7007229B2 /* ThoughtfulEmoticon-Small.png in Resources */,
				15FED32812D8C7B7007229B2 /* ThoughtfulEmoticon-Small@2x.png in Resources */,
				15FED32912D8C7B7007229B2 /* WhyAmIHereEmoticon-Small.png in Resources */,
				15FED32A12D8C7B7007229B2 /* WhyAmIHereEmoticon-Small@2x.png in Resources */,
			);
			runOnlyForDeploymentPostprocessing = 0;
		};
/* End PBXResourcesBuildPhase section */

/* Begin PBXSourcesBuildPhase section */
		1D60588E0D05DD3D006BFB54 /* Sources */ = {
			isa = PBXSourcesBuildPhase;
			buildActionMask = 2147483647;
			files = (
				1D60589B0D05DD56006BFB54 /* main.m in Sources */,
				1D3623260D0F684500981E51 /* SJAppDelegate.m in Sources */,
				28193060112F816700ECF9B4 /* Subject.xcdatamodeld in Sources */,
				15FD03D4126DB15900353B83 /* SJPresentation.m in Sources */,
				15FD03DC126DB29D00353B83 /* SJSlide.m in Sources */,
				15FD03DF126DB2DA00353B83 /* SJPoint.m in Sources */,
				156F27D612703486005C6F71 /* SJLive.m in Sources */,
				156F28CA1270DF2B005C6F71 /* ILManagedObject.m in Sources */,
				156F244A12734EA9000BC614 /* SJPresentationPane.m in Sources */,
				15FBF1BF12817582005D68B6 /* SJPoseAQuestionPane.m in Sources */,
				15D4366512845104005DBAE3 /* SJPointTableViewCell.m in Sources */,
				15E64AB51286EB85005975D2 /* SJQuestion.m in Sources */,
				15C044EB12A2A13E00AD97AA /* SJMoodPicker.m in Sources */,
				158B8A3412C09E5C007CB814 /* LoggerClient.m in Sources */,
				158B8A3712C09E6B007CB814 /* ILNSLoggerSensorTap.m in Sources */,
				15620EF912C2373A009750D1 /* SJPresentationPane_v2.m in Sources */,
				15AF560212CF8A72000311EB /* SJSlideSync.m in Sources */,
				1555C25712D1EC1E005A3D09 /* SJPresentationSync.m in Sources */,
				1555C40912D20C96005A3D09 /* SJPointSync.m in Sources */,
				1555C45612D223E8005A3D09 /* SJQuestionSync.m in Sources */,
				1591153712D7839A00E622BE /* SJQuestionKindPicker.m in Sources */,
				159115B012D7894D00E622BE /* SJQuestionSending.m in Sources */,
				15FED33B12D8C99A007229B2 /* SJMoodSending.m in Sources */,
			);
			runOnlyForDeploymentPostprocessing = 0;
		};
/* End PBXSourcesBuildPhase section */

/* Begin PBXTargetDependency section */
		154437B712759DD2003197B3 /* PBXTargetDependency */ = {
			isa = PBXTargetDependency;
			name = "Client (iOS Library)";
			targetProxy = 154437B612759DD2003197B3 /* PBXContainerItemProxy */;
		};
		15E648221286B893005975D2 /* PBXTargetDependency */ = {
			isa = PBXTargetDependency;
			name = Controls;
			targetProxy = 15E648211286B893005975D2 /* PBXContainerItemProxy */;
		};
		15E649611286C8F1005975D2 /* PBXTargetDependency */ = {
			isa = PBXTargetDependency;
			name = Networking;
			targetProxy = 15E649601286C8F1005975D2 /* PBXContainerItemProxy */;
		};
		15FBF1E712817F9C005D68B6 /* PBXTargetDependency */ = {
			isa = PBXTargetDependency;
			name = ViewControllers;
			targetProxy = 15FBF1E612817F9C005D68B6 /* PBXContainerItemProxy */;
		};
/* End PBXTargetDependency section */

/* Begin XCBuildConfiguration section */
		1D6058940D05DD3E006BFB54 /* Debug */ = {
			isa = XCBuildConfiguration;
			buildSettings = {
				ALWAYS_SEARCH_USER_PATHS = NO;
				COPY_PHASE_STRIP = NO;
				GCC_DYNAMIC_NO_PIC = NO;
				GCC_OPTIMIZATION_LEVEL = 0;
				GCC_PRECOMPILE_PREFIX_HEADER = YES;
				GCC_PREFIX_HEADER = Subject_Prefix.pch;
				HEADER_SEARCH_PATHS = (
					"$(SRCROOT)/../LabsFoundation.line/iOS/ViewControllers",
					"$(SRCROOT)/../Client/Classes",
					"$(INFINITELABS_TOOLS)",
					"$(SRCROOT)/../LabsFoundation.line/iOS/Controls",
					"$(SRCROOT)/../LabsFoundation.line/iOS/Networking",
				);
				IBC_NOTICES = NO;
				IBC_WARNINGS = NO;
				INFOPLIST_FILE = "Subject-Info.plist";
				IPHONEOS_DEPLOYMENT_TARGET = 4.0;
				OTHER_LDFLAGS = (
					"-ObjC",
					"-all_load",
				);
				PRODUCT_NAME = Subject;
			};
			name = Debug;
		};
		1D6058950D05DD3E006BFB54 /* Release */ = {
			isa = XCBuildConfiguration;
			buildSettings = {
				ALWAYS_SEARCH_USER_PATHS = NO;
				COPY_PHASE_STRIP = YES;
				GCC_PRECOMPILE_PREFIX_HEADER = YES;
				GCC_PREFIX_HEADER = Subject_Prefix.pch;
				HEADER_SEARCH_PATHS = (
					"$(SRCROOT)/../LabsFoundation.line/iOS/ViewControllers",
					"$(SRCROOT)/../Client/Classes",
					"$(INFINITELABS_TOOLS)",
					"$(SRCROOT)/../LabsFoundation.line/iOS/Controls",
					"$(SRCROOT)/../LabsFoundation.line/iOS/Networking",
				);
				IBC_NOTICES = NO;
				IBC_WARNINGS = NO;
				INFOPLIST_FILE = "Subject-Info.plist";
				OTHER_LDFLAGS = (
					"-ObjC",
					"-all_load",
				);
				PRODUCT_NAME = Subject;
				VALIDATE_PRODUCT = YES;
			};
			name = Release;
		};
		C01FCF4F08A954540054247B /* Debug */ = {
			isa = XCBuildConfiguration;
			buildSettings = {
				ARCHS = "$(ARCHS_STANDARD_32_BIT)";
				"CODE_SIGN_IDENTITY[sdk=iphoneos*]" = "iPhone Developer";
				GCC_C_LANGUAGE_STANDARD = c99;
				GCC_WARN_ABOUT_RETURN_TYPE = YES;
				GCC_WARN_UNUSED_VARIABLE = YES;
				PREBINDING = NO;
				SDKROOT = iphoneos;
			};
			name = Debug;
		};
		C01FCF5008A954540054247B /* Release */ = {
			isa = XCBuildConfiguration;
			buildSettings = {
				ARCHS = "$(ARCHS_STANDARD_32_BIT)";
				"CODE_SIGN_IDENTITY[sdk=iphoneos*]" = "iPhone Developer";
				GCC_C_LANGUAGE_STANDARD = c99;
				GCC_WARN_ABOUT_RETURN_TYPE = YES;
				GCC_WARN_UNUSED_VARIABLE = YES;
				OTHER_CFLAGS = "-DNS_BLOCK_ASSERTIONS=1";
				PREBINDING = NO;
				SDKROOT = iphoneos;
			};
			name = Release;
		};
/* End XCBuildConfiguration section */

/* Begin XCConfigurationList section */
		1D6058960D05DD3E006BFB54 /* Build configuration list for PBXNativeTarget "Subject" */ = {
			isa = XCConfigurationList;
			buildConfigurations = (
				1D6058940D05DD3E006BFB54 /* Debug */,
				1D6058950D05DD3E006BFB54 /* Release */,
			);
			defaultConfigurationIsVisible = 0;
			defaultConfigurationName = Release;
		};
		C01FCF4E08A954540054247B /* Build configuration list for PBXProject "Subject" */ = {
			isa = XCConfigurationList;
			buildConfigurations = (
				C01FCF4F08A954540054247B /* Debug */,
				C01FCF5008A954540054247B /* Release */,
			);
			defaultConfigurationIsVisible = 0;
			defaultConfigurationName = Release;
		};
/* End XCConfigurationList section */

/* Begin XCVersionGroup section */
		2819305F112F816700ECF9B4 /* Subject.xcdatamodeld */ = {
			isa = XCVersionGroup;
			children = (
				28C3AD890F43EF2300507BA6 /* Subject.xcdatamodel */,
			);
			currentVersion = 28C3AD890F43EF2300507BA6 /* Subject.xcdatamodel */;
			path = Subject.xcdatamodeld;
			sourceTree = "<group>";
			versionGroupType = wrapper.xcdatamodel;
		};
/* End XCVersionGroup section */
	};
	rootObject = 29B97313FDCFA39411CA2CEA /* Project object */;
}
