// !$*UTF8*$!
{
	archiveVersion = 1;
	classes = {
	};
	objectVersion = 46;
	objects = {

/* Begin PBXBuildFile section */
		154437B112759D88003197B3 /* libClient-iOS.a in Frameworks */ = {isa = PBXBuildFile; fileRef = 154437B012759D80003197B3 /* libClient-iOS.a */; };
		156F244A12734EA9000BC614 /* SJLivePresentationPane.m in Sources */ = {isa = PBXBuildFile; fileRef = 156F244912734EA9000BC614 /* SJLivePresentationPane.m */; };
		156F244C12734FC7000BC614 /* SJLivePresentationPane.xib in Resources */ = {isa = PBXBuildFile; fileRef = 156F244B12734FC7000BC614 /* SJLivePresentationPane.xib */; };
		156F246B12735605000BC614 /* QuartzCore.framework in Frameworks */ = {isa = PBXBuildFile; fileRef = 156F246A12735605000BC614 /* QuartzCore.framework */; };
		156F27D612703486005C6F71 /* SJLive.m in Sources */ = {isa = PBXBuildFile; fileRef = 156F27D512703486005C6F71 /* SJLive.m */; };
		156F28CA1270DF2B005C6F71 /* ILManagedObject.m in Sources */ = {isa = PBXBuildFile; fileRef = 156F28C91270DF2B005C6F71 /* ILManagedObject.m */; };
		15D4366512845104005DBAE3 /* SJPointTableViewCell.m in Sources */ = {isa = PBXBuildFile; fileRef = 15D4366412845104005DBAE3 /* SJPointTableViewCell.m */; };
		15D4368012845185005DBAE3 /* libViewControllers.a in Frameworks */ = {isa = PBXBuildFile; fileRef = 15FBF1E512817F93005D68B6 /* libViewControllers.a */; };
		15D43684128451C3005DBAE3 /* SJPointTableViewCell.xib in Resources */ = {isa = PBXBuildFile; fileRef = 15D43683128451C3005DBAE3 /* SJPointTableViewCell.xib */; };
		15D436DB12845D74005DBAE3 /* TopShadow.png in Resources */ = {isa = PBXBuildFile; fileRef = 15D436DA12845D74005DBAE3 /* TopShadow.png */; };
		15D436DD12845ECF005DBAE3 /* BottomShadow.png in Resources */ = {isa = PBXBuildFile; fileRef = 15D436DC12845ECF005DBAE3 /* BottomShadow.png */; };
		15E647EA1286B442005975D2 /* Depth.png in Resources */ = {isa = PBXBuildFile; fileRef = 15E647E91286B442005975D2 /* Depth.png */; };
		15E647EC1286B444005975D2 /* Depth@2x.png in Resources */ = {isa = PBXBuildFile; fileRef = 15E647EB1286B443005975D2 /* Depth@2x.png */; };
		15E647EE1286B46E005975D2 /* Sorry.png in Resources */ = {isa = PBXBuildFile; fileRef = 15E647ED1286B46D005975D2 /* Sorry.png */; };
		15E647F01286B481005975D2 /* Sorry@2x.png in Resources */ = {isa = PBXBuildFile; fileRef = 15E647EF1286B481005975D2 /* Sorry@2x.png */; };
		15E647F91286B58B005975D2 /* Ask.png in Resources */ = {isa = PBXBuildFile; fileRef = 15E647F81286B58B005975D2 /* Ask.png */; };
		15E647FB1286B58D005975D2 /* Ask@2x.png in Resources */ = {isa = PBXBuildFile; fileRef = 15E647FA1286B58D005975D2 /* Ask@2x.png */; };
		15E648011286B769005975D2 /* GenericButton.png in Resources */ = {isa = PBXBuildFile; fileRef = 15E648001286B769005975D2 /* GenericButton.png */; };
		15E648031286B76B005975D2 /* GenericButton@2x.png in Resources */ = {isa = PBXBuildFile; fileRef = 15E648021286B76B005975D2 /* GenericButton@2x.png */; };
		15E648201286B88E005975D2 /* libControls.a in Frameworks */ = {isa = PBXBuildFile; fileRef = 15E6481F1286B887005975D2 /* libControls.a */; };
		15E6495F1286C8EB005975D2 /* libNetworking.a in Frameworks */ = {isa = PBXBuildFile; fileRef = 15E6495E1286C8E8005975D2 /* libNetworking.a */; };
		15E64AB51286EB85005975D2 /* SJQuestion.m in Sources */ = {isa = PBXBuildFile; fileRef = 15E64AB41286EB85005975D2 /* SJQuestion.m */; };
		15FBF1B812817510005D68B6 /* Balloon.png in Resources */ = {isa = PBXBuildFile; fileRef = 15FBF1B71281750F005D68B6 /* Balloon.png */; };
		15FBF1BA12817513005D68B6 /* Balloon@2x.png in Resources */ = {isa = PBXBuildFile; fileRef = 15FBF1B912817512005D68B6 /* Balloon@2x.png */; };
		15FBF1BF12817582005D68B6 /* SJPoseAQuestionPane.m in Sources */ = {isa = PBXBuildFile; fileRef = 15FBF1BD12817582005D68B6 /* SJPoseAQuestionPane.m */; };
		15FBF1C012817582005D68B6 /* SJPoseAQuestionPane.xib in Resources */ = {isa = PBXBuildFile; fileRef = 15FBF1BE12817582005D68B6 /* SJPoseAQuestionPane.xib */; };
		15FD03D4126DB15900353B83 /* SJPresentation.m in Sources */ = {isa = PBXBuildFile; fileRef = 15FD03D3126DB15900353B83 /* SJPresentation.m */; };
		15FD03DC126DB29D00353B83 /* SJSlide.m in Sources */ = {isa = PBXBuildFile; fileRef = 15FD03DB126DB29D00353B83 /* SJSlide.m */; };
		15FD03DF126DB2DA00353B83 /* SJPoint.m in Sources */ = {isa = PBXBuildFile; fileRef = 15FD03DE126DB2DA00353B83 /* SJPoint.m */; };
		1D3623260D0F684500981E51 /* SJAppDelegate.m in Sources */ = {isa = PBXBuildFile; fileRef = 1D3623250D0F684500981E51 /* SJAppDelegate.m */; };
		1D60589B0D05DD56006BFB54 /* main.m in Sources */ = {isa = PBXBuildFile; fileRef = 29B97316FDCFA39411CA2CEA /* main.m */; };
		1D60589F0D05DD5A006BFB54 /* Foundation.framework in Frameworks */ = {isa = PBXBuildFile; fileRef = 1D30AB110D05D00D00671497 /* Foundation.framework */; };
		1DF5F4E00D08C38300B7A737 /* UIKit.framework in Frameworks */ = {isa = PBXBuildFile; fileRef = 1DF5F4DF0D08C38300B7A737 /* UIKit.framework */; };
		28193060112F816700ECF9B4 /* Subject.xcdatamodeld in Sources */ = {isa = PBXBuildFile; fileRef = 2819305F112F816700ECF9B4 /* Subject.xcdatamodeld */; };
		288765A50DF7441C002DB57D /* CoreGraphics.framework in Frameworks */ = {isa = PBXBuildFile; fileRef = 288765A40DF7441C002DB57D /* CoreGraphics.framework */; };
		28AD733F0D9D9553002E5188 /* MainWindow.xib in Resources */ = {isa = PBXBuildFile; fileRef = 28AD733E0D9D9553002E5188 /* MainWindow.xib */; };
		28D801B40F44B63D00FB423F /* CoreData.framework in Frameworks */ = {isa = PBXBuildFile; fileRef = 28D801B30F44B63D00FB423F /* CoreData.framework */; };
/* End PBXBuildFile section */

/* Begin PBXContainerItemProxy section */
		154437AD12759D80003197B3 /* PBXContainerItemProxy */ = {
			isa = PBXContainerItemProxy;
			containerPortal = 154437A812759D80003197B3 /* Client.xcodeproj */;
			proxyType = 2;
			remoteGlobalIDString = 8DC2EF5B0486A6940098B216;
			remoteInfo = "Client (Mac Framework)";
		};
		154437AF12759D80003197B3 /* PBXContainerItemProxy */ = {
			isa = PBXContainerItemProxy;
			containerPortal = 154437A812759D80003197B3 /* Client.xcodeproj */;
			proxyType = 2;
			remoteGlobalIDString = 1544377412759CB4003197B3;
			remoteInfo = "Client (iOS Library)";
		};
		154437B612759DD2003197B3 /* PBXContainerItemProxy */ = {
			isa = PBXContainerItemProxy;
			containerPortal = 154437A812759D80003197B3 /* Client.xcodeproj */;
			proxyType = 1;
			remoteGlobalIDString = 1544377312759CB4003197B3;
			remoteInfo = "Client (iOS Library)";
		};
		15E6481E1286B887005975D2 /* PBXContainerItemProxy */ = {
			isa = PBXContainerItemProxy;
			containerPortal = 15E6481A1286B887005975D2 /* Controls.xcodeproj */;
			proxyType = 2;
			remoteGlobalIDString = D2AAC07E0554694100DB518D;
			remoteInfo = Controls;
		};
		15E648211286B893005975D2 /* PBXContainerItemProxy */ = {
			isa = PBXContainerItemProxy;
			containerPortal = 15E6481A1286B887005975D2 /* Controls.xcodeproj */;
			proxyType = 1;
			remoteGlobalIDString = D2AAC07D0554694100DB518D;
			remoteInfo = Controls;
		};
		15E6495D1286C8E8005975D2 /* PBXContainerItemProxy */ = {
			isa = PBXContainerItemProxy;
			containerPortal = 15E649591286C8E7005975D2 /* Networking.xcodeproj */;
			proxyType = 2;
			remoteGlobalIDString = D2AAC07E0554694100DB518D;
			remoteInfo = Networking;
		};
		15E649601286C8F1005975D2 /* PBXContainerItemProxy */ = {
			isa = PBXContainerItemProxy;
			containerPortal = 15E649591286C8E7005975D2 /* Networking.xcodeproj */;
			proxyType = 1;
			remoteGlobalIDString = D2AAC07D0554694100DB518D;
			remoteInfo = Networking;
		};
		15FBF1E412817F93005D68B6 /* PBXContainerItemProxy */ = {
			isa = PBXContainerItemProxy;
			containerPortal = 15FBF1DD12817F93005D68B6 /* ViewControllers.xcodeproj */;
			proxyType = 2;
			remoteGlobalIDString = D2AAC07E0554694100DB518D;
			remoteInfo = ViewControllers;
		};
		15FBF1E612817F9C005D68B6 /* PBXContainerItemProxy */ = {
			isa = PBXContainerItemProxy;
			containerPortal = 15FBF1DD12817F93005D68B6 /* ViewControllers.xcodeproj */;
			proxyType = 1;
			remoteGlobalIDString = D2AAC07D0554694100DB518D;
			remoteInfo = ViewControllers;
		};
/* End PBXContainerItemProxy section */

/* Begin PBXFileReference section */
		150044241280711400E4BF1D /* libClient-iOS.a */ = {isa = PBXFileReference; explicitFileType = archive.ar; includeInIndex = 0; path = "libClient-iOS.a"; sourceTree = BUILT_PRODUCTS_DIR; };
		154437A812759D80003197B3 /* Client.xcodeproj */ = {isa = PBXFileReference; lastKnownFileType = "wrapper.pb-project"; name = Client.xcodeproj; path = ../Client/Client.xcodeproj; sourceTree = SOURCE_ROOT; };
		156F244812734EA9000BC614 /* SJLivePresentationPane.h */ = {isa = PBXFileReference; fileEncoding = 4; lastKnownFileType = sourcecode.c.h; path = SJLivePresentationPane.h; sourceTree = "<group>"; };
		156F244912734EA9000BC614 /* SJLivePresentationPane.m */ = {isa = PBXFileReference; fileEncoding = 4; lastKnownFileType = sourcecode.c.objc; path = SJLivePresentationPane.m; sourceTree = "<group>"; };
		156F244B12734FC7000BC614 /* SJLivePresentationPane.xib */ = {isa = PBXFileReference; lastKnownFileType = file.xib; path = SJLivePresentationPane.xib; sourceTree = "<group>"; };
		156F246A12735605000BC614 /* QuartzCore.framework */ = {isa = PBXFileReference; lastKnownFileType = wrapper.framework; name = QuartzCore.framework; path = System/Library/Frameworks/QuartzCore.framework; sourceTree = SDKROOT; };
		156F27D412703486005C6F71 /* SJLive.h */ = {isa = PBXFileReference; fileEncoding = 4; lastKnownFileType = sourcecode.c.h; path = SJLive.h; sourceTree = "<group>"; };
		156F27D512703486005C6F71 /* SJLive.m */ = {isa = PBXFileReference; fileEncoding = 4; lastKnownFileType = sourcecode.c.objc; path = SJLive.m; sourceTree = "<group>"; };
		156F28C81270DF2B005C6F71 /* ILManagedObject.h */ = {isa = PBXFileReference; fileEncoding = 4; lastKnownFileType = sourcecode.c.h; path = ILManagedObject.h; sourceTree = "<group>"; };
		156F28C91270DF2B005C6F71 /* ILManagedObject.m */ = {isa = PBXFileReference; fileEncoding = 4; lastKnownFileType = sourcecode.c.objc; path = ILManagedObject.m; sourceTree = "<group>"; };
		15D4366312845104005DBAE3 /* SJPointTableViewCell.h */ = {isa = PBXFileReference; fileEncoding = 4; lastKnownFileType = sourcecode.c.h; path = SJPointTableViewCell.h; sourceTree = "<group>"; };
		15D4366412845104005DBAE3 /* SJPointTableViewCell.m */ = {isa = PBXFileReference; fileEncoding = 4; lastKnownFileType = sourcecode.c.objc; path = SJPointTableViewCell.m; sourceTree = "<group>"; };
		15D43683128451C3005DBAE3 /* SJPointTableViewCell.xib */ = {isa = PBXFileReference; lastKnownFileType = file.xib; path = SJPointTableViewCell.xib; sourceTree = "<group>"; };
		15D436DA12845D74005DBAE3 /* TopShadow.png */ = {isa = PBXFileReference; lastKnownFileType = image.png; path = TopShadow.png; sourceTree = "<group>"; };
		15D436DC12845ECF005DBAE3 /* BottomShadow.png */ = {isa = PBXFileReference; lastKnownFileType = image.png; path = BottomShadow.png; sourceTree = "<group>"; };
		15E647E91286B442005975D2 /* Depth.png */ = {isa = PBXFileReference; lastKnownFileType = image.png; path = Depth.png; sourceTree = "<group>"; };
		15E647EB1286B443005975D2 /* Depth@2x.png */ = {isa = PBXFileReference; lastKnownFileType = image.png; path = "Depth@2x.png"; sourceTree = "<group>"; };
		15E647ED1286B46D005975D2 /* Sorry.png */ = {isa = PBXFileReference; lastKnownFileType = image.png; path = Sorry.png; sourceTree = "<group>"; };
		15E647EF1286B481005975D2 /* Sorry@2x.png */ = {isa = PBXFileReference; lastKnownFileType = image.png; path = "Sorry@2x.png"; sourceTree = "<group>"; };
		15E647F81286B58B005975D2 /* Ask.png */ = {isa = PBXFileReference; lastKnownFileType = image.png; path = Ask.png; sourceTree = "<group>"; };
		15E647FA1286B58D005975D2 /* Ask@2x.png */ = {isa = PBXFileReference; lastKnownFileType = image.png; path = "Ask@2x.png"; sourceTree = "<group>"; };
		15E648001286B769005975D2 /* GenericButton.png */ = {isa = PBXFileReference; lastKnownFileType = image.png; path = GenericButton.png; sourceTree = "<group>"; };
		15E648021286B76B005975D2 /* GenericButton@2x.png */ = {isa = PBXFileReference; lastKnownFileType = image.png; path = "GenericButton@2x.png"; sourceTree = "<group>"; };
		15E6481A1286B887005975D2 /* Controls.xcodeproj */ = {isa = PBXFileReference; lastKnownFileType = "wrapper.pb-project"; name = Controls.xcodeproj; path = ../LabsFoundation.line/iOS/Controls/Controls.xcodeproj; sourceTree = SOURCE_ROOT; };
		15E649591286C8E7005975D2 /* Networking.xcodeproj */ = {isa = PBXFileReference; lastKnownFileType = "wrapper.pb-project"; name = Networking.xcodeproj; path = ../LabsFoundation.line/iOS/Networking/Networking.xcodeproj; sourceTree = SOURCE_ROOT; };
		15E64AB31286EB85005975D2 /* SJQuestion.h */ = {isa = PBXFileReference; fileEncoding = 4; lastKnownFileType = sourcecode.c.h; path = SJQuestion.h; sourceTree = "<group>"; };
		15E64AB41286EB85005975D2 /* SJQuestion.m */ = {isa = PBXFileReference; fileEncoding = 4; lastKnownFileType = sourcecode.c.objc; path = SJQuestion.m; sourceTree = "<group>"; };
		15FBF1B71281750F005D68B6 /* Balloon.png */ = {isa = PBXFileReference; lastKnownFileType = image.png; path = Balloon.png; sourceTree = "<group>"; };
		15FBF1B912817512005D68B6 /* Balloon@2x.png */ = {isa = PBXFileReference; lastKnownFileType = image.png; path = "Balloon@2x.png"; sourceTree = "<group>"; };
		15FBF1BC12817582005D68B6 /* SJPoseAQuestionPane.h */ = {isa = PBXFileReference; fileEncoding = 4; lastKnownFileType = sourcecode.c.h; path = SJPoseAQuestionPane.h; sourceTree = "<group>"; };
		15FBF1BD12817582005D68B6 /* SJPoseAQuestionPane.m */ = {isa = PBXFileReference; fileEncoding = 4; lastKnownFileType = sourcecode.c.objc; path = SJPoseAQuestionPane.m; sourceTree = "<group>"; };
		15FBF1BE12817582005D68B6 /* SJPoseAQuestionPane.xib */ = {isa = PBXFileReference; lastKnownFileType = file.xib; path = SJPoseAQuestionPane.xib; sourceTree = "<group>"; };
		15FBF1DD12817F93005D68B6 /* ViewControllers.xcodeproj */ = {isa = PBXFileReference; lastKnownFileType = "wrapper.pb-project"; name = ViewControllers.xcodeproj; path = ../LabsFoundation.line/iOS/ViewControllers/ViewControllers.xcodeproj; sourceTree = SOURCE_ROOT; };
		15FD03D2126DB15900353B83 /* SJPresentation.h */ = {isa = PBXFileReference; fileEncoding = 4; lastKnownFileType = sourcecode.c.h; path = SJPresentation.h; sourceTree = "<group>"; };
		15FD03D3126DB15900353B83 /* SJPresentation.m */ = {isa = PBXFileReference; fileEncoding = 4; lastKnownFileType = sourcecode.c.objc; path = SJPresentation.m; sourceTree = "<group>"; };
		15FD03DA126DB29D00353B83 /* SJSlide.h */ = {isa = PBXFileReference; fileEncoding = 4; lastKnownFileType = sourcecode.c.h; path = SJSlide.h; sourceTree = "<group>"; };
		15FD03DB126DB29D00353B83 /* SJSlide.m */ = {isa = PBXFileReference; fileEncoding = 4; lastKnownFileType = sourcecode.c.objc; path = SJSlide.m; sourceTree = "<group>"; };
		15FD03DD126DB2DA00353B83 /* SJPoint.h */ = {isa = PBXFileReference; fileEncoding = 4; lastKnownFileType = sourcecode.c.h; path = SJPoint.h; sourceTree = "<group>"; };
		15FD03DE126DB2DA00353B83 /* SJPoint.m */ = {isa = PBXFileReference; fileEncoding = 4; lastKnownFileType = sourcecode.c.objc; path = SJPoint.m; sourceTree = "<group>"; };
		1D30AB110D05D00D00671497 /* Foundation.framework */ = {isa = PBXFileReference; lastKnownFileType = wrapper.framework; name = Foundation.framework; path = System/Library/Frameworks/Foundation.framework; sourceTree = SDKROOT; };
		1D3623240D0F684500981E51 /* SJAppDelegate.h */ = {isa = PBXFileReference; fileEncoding = 4; lastKnownFileType = sourcecode.c.h; path = SJAppDelegate.h; sourceTree = "<group>"; };
		1D3623250D0F684500981E51 /* SJAppDelegate.m */ = {isa = PBXFileReference; fileEncoding = 4; lastKnownFileType = sourcecode.c.objc; path = SJAppDelegate.m; sourceTree = "<group>"; };
		1D6058910D05DD3D006BFB54 /* Subject.app */ = {isa = PBXFileReference; explicitFileType = wrapper.application; includeInIndex = 0; path = Subject.app; sourceTree = BUILT_PRODUCTS_DIR; };
		1DF5F4DF0D08C38300B7A737 /* UIKit.framework */ = {isa = PBXFileReference; lastKnownFileType = wrapper.framework; name = UIKit.framework; path = System/Library/Frameworks/UIKit.framework; sourceTree = SDKROOT; };
		288765A40DF7441C002DB57D /* CoreGraphics.framework */ = {isa = PBXFileReference; lastKnownFileType = wrapper.framework; name = CoreGraphics.framework; path = System/Library/Frameworks/CoreGraphics.framework; sourceTree = SDKROOT; };
		28AD733E0D9D9553002E5188 /* MainWindow.xib */ = {isa = PBXFileReference; lastKnownFileType = file.xib; path = MainWindow.xib; sourceTree = "<group>"; };
		28C3AD890F43EF2300507BA6 /* Subject.xcdatamodel */ = {isa = PBXFileReference; fileEncoding = 4; lastKnownFileType = wrapper.xcdatamodel; path = Subject.xcdatamodel; sourceTree = "<group>"; };
		28D801B30F44B63D00FB423F /* CoreData.framework */ = {isa = PBXFileReference; lastKnownFileType = wrapper.framework; name = CoreData.framework; path = System/Library/Frameworks/CoreData.framework; sourceTree = SDKROOT; };
		29B97316FDCFA39411CA2CEA /* main.m */ = {isa = PBXFileReference; fileEncoding = 4; lastKnownFileType = sourcecode.c.objc; path = main.m; sourceTree = "<group>"; };
		32CA4F630368D1EE00C91783 /* Subject_Prefix.pch */ = {isa = PBXFileReference; fileEncoding = 4; lastKnownFileType = sourcecode.c.h; path = Subject_Prefix.pch; sourceTree = "<group>"; };
		8D1107310486CEB800E47090 /* Subject-Info.plist */ = {isa = PBXFileReference; fileEncoding = 4; lastKnownFileType = text.plist.xml; path = "Subject-Info.plist"; plistStructureDefinitionIdentifier = "com.apple.xcode.plist.structure-definition.iphone.info-plist"; sourceTree = "<group>"; };
/* End PBXFileReference section */

/* Begin PBXFrameworksBuildPhase section */
		1D60588F0D05DD3D006BFB54 /* Frameworks */ = {
			isa = PBXFrameworksBuildPhase;
			buildActionMask = 2147483647;
			files = (
				15E6495F1286C8EB005975D2 /* libNetworking.a in Frameworks */,
				15E648201286B88E005975D2 /* libControls.a in Frameworks */,
				15D4368012845185005DBAE3 /* libViewControllers.a in Frameworks */,
				154437B112759D88003197B3 /* libClient-iOS.a in Frameworks */,
				1D60589F0D05DD5A006BFB54 /* Foundation.framework in Frameworks */,
				1DF5F4E00D08C38300B7A737 /* UIKit.framework in Frameworks */,
				288765A50DF7441C002DB57D /* CoreGraphics.framework in Frameworks */,
				28D801B40F44B63D00FB423F /* CoreData.framework in Frameworks */,
				156F246B12735605000BC614 /* QuartzCore.framework in Frameworks */,
			);
			runOnlyForDeploymentPostprocessing = 0;
		};
/* End PBXFrameworksBuildPhase section */

/* Begin PBXGroup section */
		080E96DDFE201D6D7F000001 /* Classes */ = {
			isa = PBXGroup;
			children = (
				156F244712734E24000BC614 /* Views */,
				15FD03D1126DB14900353B83 /* Model */,
				1D3623240D0F684500981E51 /* SJAppDelegate.h */,
				1D3623250D0F684500981E51 /* SJAppDelegate.m */,
			);
			path = Classes;
			sourceTree = "<group>";
		};
		154437A912759D80003197B3 /* Products */ = {
			isa = PBXGroup;
			children = (
				154437AE12759D80003197B3 /* SJClient.framework */,
				154437B012759D80003197B3 /* libClient-iOS.a */,
			);
			name = Products;
			sourceTree = "<group>";
		};
		156F244712734E24000BC614 /* Views */ = {
			isa = PBXGroup;
			children = (
				156F244812734EA9000BC614 /* SJLivePresentationPane.h */,
				156F244912734EA9000BC614 /* SJLivePresentationPane.m */,
				156F244B12734FC7000BC614 /* SJLivePresentationPane.xib */,
				15FBF1BC12817582005D68B6 /* SJPoseAQuestionPane.h */,
				15FBF1BD12817582005D68B6 /* SJPoseAQuestionPane.m */,
				15FBF1BE12817582005D68B6 /* SJPoseAQuestionPane.xib */,
				15D4366312845104005DBAE3 /* SJPointTableViewCell.h */,
				15D4366412845104005DBAE3 /* SJPointTableViewCell.m */,
				15D43683128451C3005DBAE3 /* SJPointTableViewCell.xib */,
				15D436DA12845D74005DBAE3 /* TopShadow.png */,
				15D436DC12845ECF005DBAE3 /* BottomShadow.png */,
			);
			name = Views;
			sourceTree = "<group>";
		};
		15D4365E128450DF005DBAE3 /* Labs Foundation */ = {
			isa = PBXGroup;
			children = (
				15E649591286C8E7005975D2 /* Networking.xcodeproj */,
				15E6481A1286B887005975D2 /* Controls.xcodeproj */,
				15FBF1DD12817F93005D68B6 /* ViewControllers.xcodeproj */,
			);
			name = "Labs Foundation";
			sourceTree = "<group>";
		};
		15E6481B1286B887005975D2 /* Products */ = {
			isa = PBXGroup;
			children = (
				15E6481F1286B887005975D2 /* libControls.a */,
			);
			name = Products;
			sourceTree = "<group>";
		};
		15E6495A1286C8E7005975D2 /* Products */ = {
			isa = PBXGroup;
			children = (
				15E6495E1286C8E8005975D2 /* libNetworking.a */,
			);
			name = Products;
			sourceTree = "<group>";
		};
		15FBF1DE12817F93005D68B6 /* Products */ = {
			isa = PBXGroup;
			children = (
				15FBF1E512817F93005D68B6 /* libViewControllers.a */,
			);
			name = Products;
			sourceTree = "<group>";
		};
		15FD03D1126DB14900353B83 /* Model */ = {
			isa = PBXGroup;
			children = (
				15FD03D2126DB15900353B83 /* SJPresentation.h */,
				15FD03D3126DB15900353B83 /* SJPresentation.m */,
				15FD03DA126DB29D00353B83 /* SJSlide.h */,
				15FD03DB126DB29D00353B83 /* SJSlide.m */,
				15FD03DD126DB2DA00353B83 /* SJPoint.h */,
				15FD03DE126DB2DA00353B83 /* SJPoint.m */,
				156F27D412703486005C6F71 /* SJLive.h */,
				156F27D512703486005C6F71 /* SJLive.m */,
				156F28C81270DF2B005C6F71 /* ILManagedObject.h */,
				156F28C91270DF2B005C6F71 /* ILManagedObject.m */,
				15E64AB31286EB85005975D2 /* SJQuestion.h */,
				15E64AB41286EB85005975D2 /* SJQuestion.m */,
			);
			name = Model;
			sourceTree = "<group>";
		};
		19C28FACFE9D520D11CA2CBB /* Products */ = {
			isa = PBXGroup;
			children = (
				1D6058910D05DD3D006BFB54 /* Subject.app */,
				150044241280711400E4BF1D /* libClient-iOS.a */,
			);
			name = Products;
			sourceTree = "<group>";
		};
		29B97314FDCFA39411CA2CEA /* CustomTemplate */ = {
			isa = PBXGroup;
			children = (
				15D4365E128450DF005DBAE3 /* Labs Foundation */,
				154437A812759D80003197B3 /* Client.xcodeproj */,
				080E96DDFE201D6D7F000001 /* Classes */,
				29B97315FDCFA39411CA2CEA /* Other Sources */,
				29B97317FDCFA39411CA2CEA /* Resources */,
				29B97323FDCFA39411CA2CEA /* Frameworks */,
				19C28FACFE9D520D11CA2CBB /* Products */,
				156F246A12735605000BC614 /* QuartzCore.framework */,
			);
			name = CustomTemplate;
			sourceTree = "<group>";
		};
		29B97315FDCFA39411CA2CEA /* Other Sources */ = {
			isa = PBXGroup;
			children = (
				32CA4F630368D1EE00C91783 /* Subject_Prefix.pch */,
				29B97316FDCFA39411CA2CEA /* main.m */,
			);
			name = "Other Sources";
			sourceTree = "<group>";
		};
		29B97317FDCFA39411CA2CEA /* Resources */ = {
			isa = PBXGroup;
			children = (
				2819305F112F816700ECF9B4 /* Subject.xcdatamodeld */,
				28AD733E0D9D9553002E5188 /* MainWindow.xib */,
				8D1107310486CEB800E47090 /* Subject-Info.plist */,
				15FBF1B71281750F005D68B6 /* Balloon.png */,
				15FBF1B912817512005D68B6 /* Balloon@2x.png */,
				15E647E91286B442005975D2 /* Depth.png */,
				15E647EB1286B443005975D2 /* Depth@2x.png */,
				15E647ED1286B46D005975D2 /* Sorry.png */,
				15E647EF1286B481005975D2 /* Sorry@2x.png */,
				15E647F81286B58B005975D2 /* Ask.png */,
				15E647FA1286B58D005975D2 /* Ask@2x.png */,
				15E648001286B769005975D2 /* GenericButton.png */,
				15E648021286B76B005975D2 /* GenericButton@2x.png */,
			);
			name = Resources;
			sourceTree = "<group>";
		};
		29B97323FDCFA39411CA2CEA /* Frameworks */ = {
			isa = PBXGroup;
			children = (
				1DF5F4DF0D08C38300B7A737 /* UIKit.framework */,
				1D30AB110D05D00D00671497 /* Foundation.framework */,
				288765A40DF7441C002DB57D /* CoreGraphics.framework */,
				28D801B30F44B63D00FB423F /* CoreData.framework */,
			);
			name = Frameworks;
			sourceTree = "<group>";
		};
/* End PBXGroup section */

/* Begin PBXNativeTarget section */
		1D6058900D05DD3D006BFB54 /* Subject */ = {
			isa = PBXNativeTarget;
			buildConfigurationList = 1D6058960D05DD3E006BFB54 /* Build configuration list for PBXNativeTarget "Subject" */;
			buildPhases = (
				1D60588D0D05DD3D006BFB54 /* Resources */,
				1D60588E0D05DD3D006BFB54 /* Sources */,
				1D60588F0D05DD3D006BFB54 /* Frameworks */,
			);
			buildRules = (
			);
			dependencies = (
				154437B712759DD2003197B3 /* PBXTargetDependency */,
				15FBF1E712817F9C005D68B6 /* PBXTargetDependency */,
				15E648221286B893005975D2 /* PBXTargetDependency */,
				15E649611286C8F1005975D2 /* PBXTargetDependency */,
			);
			name = Subject;
			productName = Subject;
			productReference = 1D6058910D05DD3D006BFB54 /* Subject.app */;
			productType = "com.apple.product-type.application";
		};
/* End PBXNativeTarget section */

/* Begin PBXProject section */
		29B97313FDCFA39411CA2CEA /* Project object */ = {
			isa = PBXProject;
			attributes = {
				ORGANIZATIONNAME = "Emanuele Vulcano (Infinite Labs)";
			};
			buildConfigurationList = C01FCF4E08A954540054247B /* Build configuration list for PBXProject "Subject" */;
			compatibilityVersion = "Xcode 3.2";
			developmentRegion = English;
			hasScannedForEncodings = 1;
			knownRegions = (
				English,
				Japanese,
				French,
				German,
			);
			mainGroup = 29B97314FDCFA39411CA2CEA /* CustomTemplate */;
			projectDirPath = "";
			projectReferences = (
				{
					ProductGroup = 154437A912759D80003197B3 /* Products */;
					ProjectRef = 154437A812759D80003197B3 /* Client.xcodeproj */;
				},
				{
					ProductGroup = 15E6481B1286B887005975D2 /* Products */;
					ProjectRef = 15E6481A1286B887005975D2 /* Controls.xcodeproj */;
				},
				{
					ProductGroup = 15E6495A1286C8E7005975D2 /* Products */;
					ProjectRef = 15E649591286C8E7005975D2 /* Networking.xcodeproj */;
				},
				{
					ProductGroup = 15FBF1DE12817F93005D68B6 /* Products */;
					ProjectRef = 15FBF1DD12817F93005D68B6 /* ViewControllers.xcodeproj */;
				},
			);
			projectRoot = "";
			targets = (
				1D6058900D05DD3D006BFB54 /* Subject */,
			);
		};
/* End PBXProject section */

/* Begin PBXReferenceProxy section */
		154437AE12759D80003197B3 /* SJClient.framework */ = {
			isa = PBXReferenceProxy;
			fileType = wrapper.framework;
			path = SJClient.framework;
			remoteRef = 154437AD12759D80003197B3 /* PBXContainerItemProxy */;
			sourceTree = BUILT_PRODUCTS_DIR;
		};
		154437B012759D80003197B3 /* libClient-iOS.a */ = {
			isa = PBXReferenceProxy;
			fileType = archive.ar;
			path = "libClient-iOS.a";
			remoteRef = 154437AF12759D80003197B3 /* PBXContainerItemProxy */;
			sourceTree = BUILT_PRODUCTS_DIR;
		};
		15E6481F1286B887005975D2 /* libControls.a */ = {
			isa = PBXReferenceProxy;
			fileType = archive.ar;
			path = libControls.a;
			remoteRef = 15E6481E1286B887005975D2 /* PBXContainerItemProxy */;
			sourceTree = BUILT_PRODUCTS_DIR;
		};
		15E6495E1286C8E8005975D2 /* libNetworking.a */ = {
			isa = PBXReferenceProxy;
			fileType = archive.ar;
			path = libNetworking.a;
			remoteRef = 15E6495D1286C8E8005975D2 /* PBXContainerItemProxy */;
			sourceTree = BUILT_PRODUCTS_DIR;
		};
		15FBF1E512817F93005D68B6 /* libViewControllers.a */ = {
			isa = PBXReferenceProxy;
			fileType = archive.ar;
			path = libViewControllers.a;
			remoteRef = 15FBF1E412817F93005D68B6 /* PBXContainerItemProxy */;
			sourceTree = BUILT_PRODUCTS_DIR;
		};
/* End PBXReferenceProxy section */

/* Begin PBXResourcesBuildPhase section */
		1D60588D0D05DD3D006BFB54 /* Resources */ = {
			isa = PBXResourcesBuildPhase;
			buildActionMask = 2147483647;
			files = (
				28AD733F0D9D9553002E5188 /* MainWindow.xib in Resources */,
				156F244C12734FC7000BC614 /* SJLivePresentationPane.xib in Resources */,
				15FBF1B812817510005D68B6 /* Balloon.png in Resources */,
				15FBF1BA12817513005D68B6 /* Balloon@2x.png in Resources */,
				15FBF1C012817582005D68B6 /* SJPoseAQuestionPane.xib in Resources */,
				15D43684128451C3005DBAE3 /* SJPointTableViewCell.xib in Resources */,
				15D436DB12845D74005DBAE3 /* TopShadow.png in Resources */,
				15D436DD12845ECF005DBAE3 /* BottomShadow.png in Resources */,
				15E647EA1286B442005975D2 /* Depth.png in Resources */,
				15E647EC1286B444005975D2 /* Depth@2x.png in Resources */,
				15E647EE1286B46E005975D2 /* Sorry.png in Resources */,
				15E647F01286B481005975D2 /* Sorry@2x.png in Resources */,
				15E647F91286B58B005975D2 /* Ask.png in Resources */,
				15E647FB1286B58D005975D2 /* Ask@2x.png in Resources */,
				15E648011286B769005975D2 /* GenericButton.png in Resources */,
				15E648031286B76B005975D2 /* GenericButton@2x.png in Resources */,
			);
			runOnlyForDeploymentPostprocessing = 0;
		};
/* End PBXResourcesBuildPhase section */

/* Begin PBXSourcesBuildPhase section */
		1D60588E0D05DD3D006BFB54 /* Sources */ = {
			isa = PBXSourcesBuildPhase;
			buildActionMask = 2147483647;
			files = (
				1D60589B0D05DD56006BFB54 /* main.m in Sources */,
				1D3623260D0F684500981E51 /* SJAppDelegate.m in Sources */,
				28193060112F816700ECF9B4 /* Subject.xcdatamodeld in Sources */,
				15FD03D4126DB15900353B83 /* SJPresentation.m in Sources */,
				15FD03DC126DB29D00353B83 /* SJSlide.m in Sources */,
				15FD03DF126DB2DA00353B83 /* SJPoint.m in Sources */,
				156F27D612703486005C6F71 /* SJLive.m in Sources */,
				156F28CA1270DF2B005C6F71 /* ILManagedObject.m in Sources */,
				156F244A12734EA9000BC614 /* SJLivePresentationPane.m in Sources */,
				15FBF1BF12817582005D68B6 /* SJPoseAQuestionPane.m in Sources */,
				15D4366512845104005DBAE3 /* SJPointTableViewCell.m in Sources */,
				15E64AB51286EB85005975D2 /* SJQuestion.m in Sources */,
			);
			runOnlyForDeploymentPostprocessing = 0;
		};
/* End PBXSourcesBuildPhase section */

/* Begin PBXTargetDependency section */
		154437B712759DD2003197B3 /* PBXTargetDependency */ = {
			isa = PBXTargetDependency;
			name = "Client (iOS Library)";
			targetProxy = 154437B612759DD2003197B3 /* PBXContainerItemProxy */;
		};
		15E648221286B893005975D2 /* PBXTargetDependency */ = {
			isa = PBXTargetDependency;
			name = Controls;
			targetProxy = 15E648211286B893005975D2 /* PBXContainerItemProxy */;
		};
		15E649611286C8F1005975D2 /* PBXTargetDependency */ = {
			isa = PBXTargetDependency;
			name = Networking;
			targetProxy = 15E649601286C8F1005975D2 /* PBXContainerItemProxy */;
		};
		15FBF1E712817F9C005D68B6 /* PBXTargetDependency */ = {
			isa = PBXTargetDependency;
			name = ViewControllers;
			targetProxy = 15FBF1E612817F9C005D68B6 /* PBXContainerItemProxy */;
		};
/* End PBXTargetDependency section */

/* Begin XCBuildConfiguration section */
		1D6058940D05DD3E006BFB54 /* Debug */ = {
			isa = XCBuildConfiguration;
			buildSettings = {
				ALWAYS_SEARCH_USER_PATHS = NO;
				COPY_PHASE_STRIP = NO;
				GCC_DYNAMIC_NO_PIC = NO;
				GCC_OPTIMIZATION_LEVEL = 0;
				GCC_PRECOMPILE_PREFIX_HEADER = YES;
				GCC_PREFIX_HEADER = Subject_Prefix.pch;
				HEADER_SEARCH_PATHS = (
					"$(SRCROOT)/../LabsFoundation.line/iOS/ViewControllers",
					"$(SRCROOT)/../Client/Classes",
					"$(INFINITELABS_TOOLS)",
					"$(SRCROOT)/../LabsFoundation.line/iOS/Controls",
					"$(SRCROOT)/../LabsFoundation.line/iOS/Networking",
				);
				IBC_NOTICES = NO;
				IBC_WARNINGS = NO;
				INFOPLIST_FILE = "Subject-Info.plist";
				OTHER_LDFLAGS = (
					"-ObjC",
					"-all_load",
				);
				PRODUCT_NAME = Subject;
			};
			name = Debug;
		};
		1D6058950D05DD3E006BFB54 /* Release */ = {
			isa = XCBuildConfiguration;
			buildSettings = {
				ALWAYS_SEARCH_USER_PATHS = NO;
				COPY_PHASE_STRIP = YES;
				GCC_PRECOMPILE_PREFIX_HEADER = YES;
				GCC_PREFIX_HEADER = Subject_Prefix.pch;
				HEADER_SEARCH_PATHS = (
					"$(SRCROOT)/../LabsFoundation.line/iOS/ViewControllers",
					"$(SRCROOT)/../Client/Classes",
					"$(INFINITELABS_TOOLS)",
					"$(SRCROOT)/../LabsFoundation.line/iOS/Controls",
					"$(SRCROOT)/../LabsFoundation.line/iOS/Networking",
				);
				IBC_NOTICES = NO;
				IBC_WARNINGS = NO;
				INFOPLIST_FILE = "Subject-Info.plist";
				OTHER_LDFLAGS = (
					"-ObjC",
					"-all_load",
				);
				PRODUCT_NAME = Subject;
				VALIDATE_PRODUCT = YES;
			};
			name = Release;
		};
		C01FCF4F08A954540054247B /* Debug */ = {
			isa = XCBuildConfiguration;
			buildSettings = {
				ARCHS = "$(ARCHS_STANDARD_32_BIT)";
				"CODE_SIGN_IDENTITY[sdk=iphoneos*]" = "iPhone Developer";
				GCC_C_LANGUAGE_STANDARD = c99;
				GCC_WARN_ABOUT_RETURN_TYPE = YES;
				GCC_WARN_UNUSED_VARIABLE = YES;
				PREBINDING = NO;
				SDKROOT = iphoneos;
			};
			name = Debug;
		};
		C01FCF5008A954540054247B /* Release */ = {
			isa = XCBuildConfiguration;
			buildSettings = {
				ARCHS = "$(ARCHS_STANDARD_32_BIT)";
				"CODE_SIGN_IDENTITY[sdk=iphoneos*]" = "iPhone Developer";
				GCC_C_LANGUAGE_STANDARD = c99;
				GCC_WARN_ABOUT_RETURN_TYPE = YES;
				GCC_WARN_UNUSED_VARIABLE = YES;
				OTHER_CFLAGS = "-DNS_BLOCK_ASSERTIONS=1";
				PREBINDING = NO;
				SDKROOT = iphoneos;
			};
			name = Release;
		};
/* End XCBuildConfiguration section */

/* Begin XCConfigurationList section */
		1D6058960D05DD3E006BFB54 /* Build configuration list for PBXNativeTarget "Subject" */ = {
			isa = XCConfigurationList;
			buildConfigurations = (
				1D6058940D05DD3E006BFB54 /* Debug */,
				1D6058950D05DD3E006BFB54 /* Release */,
			);
			defaultConfigurationIsVisible = 0;
			defaultConfigurationName = Release;
		};
		C01FCF4E08A954540054247B /* Build configuration list for PBXProject "Subject" */ = {
			isa = XCConfigurationList;
			buildConfigurations = (
				C01FCF4F08A954540054247B /* Debug */,
				C01FCF5008A954540054247B /* Release */,
			);
			defaultConfigurationIsVisible = 0;
			defaultConfigurationName = Release;
		};
/* End XCConfigurationList section */

/* Begin XCVersionGroup section */
		2819305F112F816700ECF9B4 /* Subject.xcdatamodeld */ = {
			isa = XCVersionGroup;
			children = (
				28C3AD890F43EF2300507BA6 /* Subject.xcdatamodel */,
			);
			currentVersion = 28C3AD890F43EF2300507BA6 /* Subject.xcdatamodel */;
			path = Subject.xcdatamodeld;
			sourceTree = "<group>";
			versionGroupType = wrapper.xcdatamodel;
		};
/* End XCVersionGroup section */
	};
	rootObject = 29B97313FDCFA39411CA2CEA /* Project object */;
}
