// !$*UTF8*$!
{
	archiveVersion = 1;
	classes = {
	};
	objectVersion = 45;
	objects = {

/* Begin PBXAggregateTarget section */
		15004438128071E400E4BF1D /* Client (All) */ = {
			isa = PBXAggregateTarget;
			buildConfigurationList = 1500445C1280724F00E4BF1D /* Build configuration list for PBXAggregateTarget "Client (All)" */;
			buildPhases = (
			);
			dependencies = (
				1500443D128071E900E4BF1D /* PBXTargetDependency */,
				1500443F128071E900E4BF1D /* PBXTargetDependency */,
			);
			name = "Client (All)";
			productName = "Client (All)";
		};
/* End PBXAggregateTarget section */

/* Begin PBXBuildFile section */
		150044151280702400E4BF1D /* SJQuestionSchema.h in Headers */ = {isa = PBXBuildFile; fileRef = 150044131280702400E4BF1D /* SJQuestionSchema.h */; settings = {ATTRIBUTES = (Public, ); }; };
		150044161280702400E4BF1D /* SJQuestionSchema.m in Sources */ = {isa = PBXBuildFile; fileRef = 150044141280702400E4BF1D /* SJQuestionSchema.m */; };
		150044171280702400E4BF1D /* SJQuestionSchema.h in Headers */ = {isa = PBXBuildFile; fileRef = 150044131280702400E4BF1D /* SJQuestionSchema.h */; };
		150044181280702400E4BF1D /* SJQuestionSchema.m in Sources */ = {isa = PBXBuildFile; fileRef = 150044141280702400E4BF1D /* SJQuestionSchema.m */; };
		1544376412759C90003197B3 /* JSON.h in Headers */ = {isa = PBXBuildFile; fileRef = 1544375D12759C90003197B3 /* JSON.h */; };
		1544376512759C90003197B3 /* NSObject+SBJSON.h in Headers */ = {isa = PBXBuildFile; fileRef = 1544375E12759C90003197B3 /* NSObject+SBJSON.h */; };
		1544376612759C90003197B3 /* NSObject+SBJSON.m in Sources */ = {isa = PBXBuildFile; fileRef = 1544375F12759C90003197B3 /* NSObject+SBJSON.m */; };
		1544376712759C90003197B3 /* NSString+SBJSON.h in Headers */ = {isa = PBXBuildFile; fileRef = 1544376012759C90003197B3 /* NSString+SBJSON.h */; };
		1544376812759C90003197B3 /* NSString+SBJSON.m in Sources */ = {isa = PBXBuildFile; fileRef = 1544376112759C90003197B3 /* NSString+SBJSON.m */; };
		1544376912759C90003197B3 /* SBJSON.h in Headers */ = {isa = PBXBuildFile; fileRef = 1544376212759C90003197B3 /* SBJSON.h */; };
		1544376A12759C90003197B3 /* SBJSON.m in Sources */ = {isa = PBXBuildFile; fileRef = 1544376312759C90003197B3 /* SBJSON.m */; };
		1544377C12759CC2003197B3 /* SJSchema.m in Sources */ = {isa = PBXBuildFile; fileRef = 15BC4F3D1274216D00550BF6 /* SJSchema.m */; };
		1544377D12759CC2003197B3 /* SJLiveSchema.m in Sources */ = {isa = PBXBuildFile; fileRef = 15BC4F3F1274216D00550BF6 /* SJLiveSchema.m */; };
		1544377E12759CC2003197B3 /* SJSlideSchema.m in Sources */ = {isa = PBXBuildFile; fileRef = 15BC4F411274216D00550BF6 /* SJSlideSchema.m */; };
		1544377F12759CC2003197B3 /* SJPointSchema.m in Sources */ = {isa = PBXBuildFile; fileRef = 15BC4F431274216D00550BF6 /* SJPointSchema.m */; };
		1544378012759CC2003197B3 /* SJPresentationSchema.m in Sources */ = {isa = PBXBuildFile; fileRef = 15BC4F451274216D00550BF6 /* SJPresentationSchema.m */; };
		1544378112759CC2003197B3 /* SJEndpoint.m in Sources */ = {isa = PBXBuildFile; fileRef = 15BC4F511274217300550BF6 /* SJEndpoint.m */; };
		1544378212759CC2003197B3 /* ILSensorSession.m in Sources */ = {isa = PBXBuildFile; fileRef = 15BC4F711274222400550BF6 /* ILSensorSession.m */; };
		1544378312759CC2003197B3 /* ILSensorSink.m in Sources */ = {isa = PBXBuildFile; fileRef = 15BC4F731274222400550BF6 /* ILSensorSink.m */; };
		1544378412759CC2003197B3 /* NSObject+SBJSON.m in Sources */ = {isa = PBXBuildFile; fileRef = 1544375F12759C90003197B3 /* NSObject+SBJSON.m */; };
		1544378512759CC2003197B3 /* NSString+SBJSON.m in Sources */ = {isa = PBXBuildFile; fileRef = 1544376112759C90003197B3 /* NSString+SBJSON.m */; };
		1544378612759CC2003197B3 /* SBJSON.m in Sources */ = {isa = PBXBuildFile; fileRef = 1544376312759C90003197B3 /* SBJSON.m */; };
		1544378812759CEA003197B3 /* Foundation.framework in Frameworks */ = {isa = PBXBuildFile; fileRef = 1544378712759CEA003197B3 /* Foundation.framework */; };
		1544378A12759CF6003197B3 /* SJSchema.h in Headers */ = {isa = PBXBuildFile; fileRef = 15BC4F3C1274216D00550BF6 /* SJSchema.h */; };
		1544378B12759CF6003197B3 /* SJLiveSchema.h in Headers */ = {isa = PBXBuildFile; fileRef = 15BC4F3E1274216D00550BF6 /* SJLiveSchema.h */; };
		1544378C12759CF6003197B3 /* SJSlideSchema.h in Headers */ = {isa = PBXBuildFile; fileRef = 15BC4F401274216D00550BF6 /* SJSlideSchema.h */; };
		1544378D12759CF6003197B3 /* SJPointSchema.h in Headers */ = {isa = PBXBuildFile; fileRef = 15BC4F421274216D00550BF6 /* SJPointSchema.h */; };
		1544378E12759CF6003197B3 /* SJPresentationSchema.h in Headers */ = {isa = PBXBuildFile; fileRef = 15BC4F441274216D00550BF6 /* SJPresentationSchema.h */; };
		1544378F12759CF6003197B3 /* SJEndpoint.h in Headers */ = {isa = PBXBuildFile; fileRef = 15BC4F501274217300550BF6 /* SJEndpoint.h */; };
		1544379012759CF6003197B3 /* SJClient.h in Headers */ = {isa = PBXBuildFile; fileRef = 15BC4F60127421D500550BF6 /* SJClient.h */; };
		1544379112759CF6003197B3 /* ILSensorSession.h in Headers */ = {isa = PBXBuildFile; fileRef = 15BC4F701274222400550BF6 /* ILSensorSession.h */; };
		1544379212759CF6003197B3 /* ILSensorSink.h in Headers */ = {isa = PBXBuildFile; fileRef = 15BC4F721274222400550BF6 /* ILSensorSink.h */; };
		1544379312759CF6003197B3 /* JSON.h in Headers */ = {isa = PBXBuildFile; fileRef = 1544375D12759C90003197B3 /* JSON.h */; };
		1544379412759CF6003197B3 /* NSObject+SBJSON.h in Headers */ = {isa = PBXBuildFile; fileRef = 1544375E12759C90003197B3 /* NSObject+SBJSON.h */; };
		1544379512759CF6003197B3 /* NSString+SBJSON.h in Headers */ = {isa = PBXBuildFile; fileRef = 1544376012759C90003197B3 /* NSString+SBJSON.h */; };
		1544379612759CF6003197B3 /* SBJSON.h in Headers */ = {isa = PBXBuildFile; fileRef = 1544376212759C90003197B3 /* SBJSON.h */; };
		158B8AA112C0BA81007CB814 /* SJDownloader.h in Headers */ = {isa = PBXBuildFile; fileRef = 158B8A9F12C0BA81007CB814 /* SJDownloader.h */; settings = {ATTRIBUTES = (Public, ); }; };
		158B8AA212C0BA81007CB814 /* SJDownloader.m in Sources */ = {isa = PBXBuildFile; fileRef = 158B8AA012C0BA81007CB814 /* SJDownloader.m */; };
		158B8AA312C0BA81007CB814 /* SJDownloader.h in Headers */ = {isa = PBXBuildFile; fileRef = 158B8A9F12C0BA81007CB814 /* SJDownloader.h */; };
		158B8AA412C0BA81007CB814 /* SJDownloader.m in Sources */ = {isa = PBXBuildFile; fileRef = 158B8AA012C0BA81007CB814 /* SJDownloader.m */; };
		158B8ADC12C0C01C007CB814 /* ILURLConnectionOperation.h in Headers */ = {isa = PBXBuildFile; fileRef = 158B8AD812C0C01C007CB814 /* ILURLConnectionOperation.h */; };
		158B8ADD12C0C01C007CB814 /* ILURLConnectionOperation.m in Sources */ = {isa = PBXBuildFile; fileRef = 158B8AD912C0C01C007CB814 /* ILURLConnectionOperation.m */; };
		158B8ADE12C0C01C007CB814 /* ILInMemoryDownloadOperation.h in Headers */ = {isa = PBXBuildFile; fileRef = 158B8ADA12C0C01C007CB814 /* ILInMemoryDownloadOperation.h */; };
		158B8ADF12C0C01C007CB814 /* ILInMemoryDownloadOperation.m in Sources */ = {isa = PBXBuildFile; fileRef = 158B8ADB12C0C01C007CB814 /* ILInMemoryDownloadOperation.m */; };
		158B8B3A12C0C677007CB814 /* ILHostReachability.m in Sources */ = {isa = PBXBuildFile; fileRef = 158B8B3812C0C677007CB814 /* ILHostReachability.m */; };
		158B8B3B12C0C677007CB814 /* ILHostReachability.h in Headers */ = {isa = PBXBuildFile; fileRef = 158B8B3912C0C677007CB814 /* ILHostReachability.h */; };
		158B8B4B12C0C7CB007CB814 /* SystemConfiguration.framework in Frameworks */ = {isa = PBXBuildFile; fileRef = 158B8B4A12C0C7CB007CB814 /* SystemConfiguration.framework */; };
		158B8B5412C0C821007CB814 /* SJSchemaProvider.h in Headers */ = {isa = PBXBuildFile; fileRef = 158B8B5212C0C821007CB814 /* SJSchemaProvider.h */; settings = {ATTRIBUTES = (Public, ); }; };
		158B8B5512C0C821007CB814 /* SJSchemaProvider.m in Sources */ = {isa = PBXBuildFile; fileRef = 158B8B5312C0C821007CB814 /* SJSchemaProvider.m */; };
		158B8B5612C0C821007CB814 /* SJSchemaProvider.h in Headers */ = {isa = PBXBuildFile; fileRef = 158B8B5212C0C821007CB814 /* SJSchemaProvider.h */; };
		158B8B5712C0C821007CB814 /* SJSchemaProvider.m in Sources */ = {isa = PBXBuildFile; fileRef = 158B8B5312C0C821007CB814 /* SJSchemaProvider.m */; };
		158B8DE812C0FD69007CB814 /* SJLiveObserver.h in Headers */ = {isa = PBXBuildFile; fileRef = 158B8DE612C0FD69007CB814 /* SJLiveObserver.h */; settings = {ATTRIBUTES = (Public, ); }; };
		158B8DE912C0FD69007CB814 /* SJLiveObserver.m in Sources */ = {isa = PBXBuildFile; fileRef = 158B8DE712C0FD69007CB814 /* SJLiveObserver.m */; };
		158B8DEA12C0FD69007CB814 /* SJLiveObserver.h in Headers */ = {isa = PBXBuildFile; fileRef = 158B8DE612C0FD69007CB814 /* SJLiveObserver.h */; };
		158B8DEB12C0FD69007CB814 /* SJLiveObserver.m in Sources */ = {isa = PBXBuildFile; fileRef = 158B8DE712C0FD69007CB814 /* SJLiveObserver.m */; };
		15A13FC612CDE41B00C0C29D /* SJSyncCoordinator.h in Headers */ = {isa = PBXBuildFile; fileRef = 15A13FC412CDE41B00C0C29D /* SJSyncCoordinator.h */; };
		15A13FC712CDE41B00C0C29D /* SJSyncCoordinator.m in Sources */ = {isa = PBXBuildFile; fileRef = 15A13FC512CDE41B00C0C29D /* SJSyncCoordinator.m */; };
		15A13FC812CDE41B00C0C29D /* SJSyncCoordinator.h in Headers */ = {isa = PBXBuildFile; fileRef = 15A13FC412CDE41B00C0C29D /* SJSyncCoordinator.h */; };
		15A13FC912CDE41B00C0C29D /* SJSyncCoordinator.m in Sources */ = {isa = PBXBuildFile; fileRef = 15A13FC512CDE41B00C0C29D /* SJSyncCoordinator.m */; };
		15AF554712CF720D000311EB /* SJLiveSyncController.h in Headers */ = {isa = PBXBuildFile; fileRef = 15AF554512CF720D000311EB /* SJLiveSyncController.h */; };
		15AF554812CF720D000311EB /* SJLiveSyncController.m in Sources */ = {isa = PBXBuildFile; fileRef = 15AF554612CF720D000311EB /* SJLiveSyncController.m */; };
		15AF554912CF720D000311EB /* SJLiveSyncController.h in Headers */ = {isa = PBXBuildFile; fileRef = 15AF554512CF720D000311EB /* SJLiveSyncController.h */; };
		15AF554A12CF720D000311EB /* SJLiveSyncController.m in Sources */ = {isa = PBXBuildFile; fileRef = 15AF554612CF720D000311EB /* SJLiveSyncController.m */; };
		15BC4F461274216D00550BF6 /* SJSchema.h in Headers */ = {isa = PBXBuildFile; fileRef = 15BC4F3C1274216D00550BF6 /* SJSchema.h */; settings = {ATTRIBUTES = (Public, ); }; };
		15BC4F471274216D00550BF6 /* SJSchema.m in Sources */ = {isa = PBXBuildFile; fileRef = 15BC4F3D1274216D00550BF6 /* SJSchema.m */; };
		15BC4F481274216D00550BF6 /* SJLiveSchema.h in Headers */ = {isa = PBXBuildFile; fileRef = 15BC4F3E1274216D00550BF6 /* SJLiveSchema.h */; settings = {ATTRIBUTES = (Public, ); }; };
		15BC4F491274216D00550BF6 /* SJLiveSchema.m in Sources */ = {isa = PBXBuildFile; fileRef = 15BC4F3F1274216D00550BF6 /* SJLiveSchema.m */; };
		15BC4F4A1274216D00550BF6 /* SJSlideSchema.h in Headers */ = {isa = PBXBuildFile; fileRef = 15BC4F401274216D00550BF6 /* SJSlideSchema.h */; settings = {ATTRIBUTES = (Public, ); }; };
		15BC4F4B1274216D00550BF6 /* SJSlideSchema.m in Sources */ = {isa = PBXBuildFile; fileRef = 15BC4F411274216D00550BF6 /* SJSlideSchema.m */; };
		15BC4F4C1274216D00550BF6 /* SJPointSchema.h in Headers */ = {isa = PBXBuildFile; fileRef = 15BC4F421274216D00550BF6 /* SJPointSchema.h */; settings = {ATTRIBUTES = (Public, ); }; };
		15BC4F4D1274216D00550BF6 /* SJPointSchema.m in Sources */ = {isa = PBXBuildFile; fileRef = 15BC4F431274216D00550BF6 /* SJPointSchema.m */; };
		15BC4F4E1274216D00550BF6 /* SJPresentationSchema.h in Headers */ = {isa = PBXBuildFile; fileRef = 15BC4F441274216D00550BF6 /* SJPresentationSchema.h */; settings = {ATTRIBUTES = (Public, ); }; };
		15BC4F4F1274216D00550BF6 /* SJPresentationSchema.m in Sources */ = {isa = PBXBuildFile; fileRef = 15BC4F451274216D00550BF6 /* SJPresentationSchema.m */; };
		15BC4F521274217300550BF6 /* SJEndpoint.h in Headers */ = {isa = PBXBuildFile; fileRef = 15BC4F501274217300550BF6 /* SJEndpoint.h */; settings = {ATTRIBUTES = (Public, ); }; };
		15BC4F531274217300550BF6 /* SJEndpoint.m in Sources */ = {isa = PBXBuildFile; fileRef = 15BC4F511274217300550BF6 /* SJEndpoint.m */; };
		15BC4F61127421D500550BF6 /* SJClient.h in Headers */ = {isa = PBXBuildFile; fileRef = 15BC4F60127421D500550BF6 /* SJClient.h */; settings = {ATTRIBUTES = (Public, ); }; };
		15BC4F741274222400550BF6 /* ILSensorSession.h in Headers */ = {isa = PBXBuildFile; fileRef = 15BC4F701274222400550BF6 /* ILSensorSession.h */; settings = {ATTRIBUTES = (Public, ); }; };
		15BC4F751274222400550BF6 /* ILSensorSession.m in Sources */ = {isa = PBXBuildFile; fileRef = 15BC4F711274222400550BF6 /* ILSensorSession.m */; };
		15BC4F761274222400550BF6 /* ILSensorSink.h in Headers */ = {isa = PBXBuildFile; fileRef = 15BC4F721274222400550BF6 /* ILSensorSink.h */; settings = {ATTRIBUTES = (Public, ); }; };
		15BC4F771274222400550BF6 /* ILSensorSink.m in Sources */ = {isa = PBXBuildFile; fileRef = 15BC4F731274222400550BF6 /* ILSensorSink.m */; };
		8DC2EF530486A6940098B216 /* InfoPlist.strings in Resources */ = {isa = PBXBuildFile; fileRef = 089C1666FE841158C02AAC07 /* InfoPlist.strings */; };
		8DC2EF570486A6940098B216 /* Cocoa.framework in Frameworks */ = {isa = PBXBuildFile; fileRef = 1058C7B1FEA5585E11CA2CBB /* Cocoa.framework */; };
/* End PBXBuildFile section */

/* Begin PBXContainerItemProxy section */
		1500443C128071E900E4BF1D /* PBXContainerItemProxy */ = {
			isa = PBXContainerItemProxy;
			containerPortal = 0867D690FE84028FC02AAC07 /* Project object */;
			proxyType = 1;
			remoteGlobalIDString = 8DC2EF4F0486A6940098B216;
			remoteInfo = "Client (Mac Framework)";
		};
		1500443E128071E900E4BF1D /* PBXContainerItemProxy */ = {
			isa = PBXContainerItemProxy;
			containerPortal = 0867D690FE84028FC02AAC07 /* Project object */;
			proxyType = 1;
			remoteGlobalIDString = 1544377312759CB4003197B3;
			remoteInfo = "Client (iOS Library)";
		};
/* End PBXContainerItemProxy section */

/* Begin PBXFileReference section */
		0867D69BFE84028FC02AAC07 /* Foundation.framework */ = {isa = PBXFileReference; lastKnownFileType = wrapper.framework; name = Foundation.framework; path = /System/Library/Frameworks/Foundation.framework; sourceTree = "<absolute>"; };
		0867D6A5FE840307C02AAC07 /* AppKit.framework */ = {isa = PBXFileReference; lastKnownFileType = wrapper.framework; name = AppKit.framework; path = /System/Library/Frameworks/AppKit.framework; sourceTree = "<absolute>"; };
		089C1667FE841158C02AAC07 /* English */ = {isa = PBXFileReference; fileEncoding = 4; lastKnownFileType = text.plist.strings; name = English; path = English.lproj/InfoPlist.strings; sourceTree = "<group>"; };
		1058C7B1FEA5585E11CA2CBB /* Cocoa.framework */ = {isa = PBXFileReference; lastKnownFileType = wrapper.framework; name = Cocoa.framework; path = /System/Library/Frameworks/Cocoa.framework; sourceTree = "<absolute>"; };
		150044131280702400E4BF1D /* SJQuestionSchema.h */ = {isa = PBXFileReference; fileEncoding = 4; lastKnownFileType = sourcecode.c.h; path = SJQuestionSchema.h; sourceTree = "<group>"; };
		150044141280702400E4BF1D /* SJQuestionSchema.m */ = {isa = PBXFileReference; fileEncoding = 4; lastKnownFileType = sourcecode.c.objc; path = SJQuestionSchema.m; sourceTree = "<group>"; };
		1544375D12759C90003197B3 /* JSON.h */ = {isa = PBXFileReference; fileEncoding = 4; lastKnownFileType = sourcecode.c.h; path = JSON.h; sourceTree = "<group>"; };
		1544375E12759C90003197B3 /* NSObject+SBJSON.h */ = {isa = PBXFileReference; fileEncoding = 4; lastKnownFileType = sourcecode.c.h; path = "NSObject+SBJSON.h"; sourceTree = "<group>"; };
		1544375F12759C90003197B3 /* NSObject+SBJSON.m */ = {isa = PBXFileReference; fileEncoding = 4; lastKnownFileType = sourcecode.c.objc; path = "NSObject+SBJSON.m"; sourceTree = "<group>"; };
		1544376012759C90003197B3 /* NSString+SBJSON.h */ = {isa = PBXFileReference; fileEncoding = 4; lastKnownFileType = sourcecode.c.h; path = "NSString+SBJSON.h"; sourceTree = "<group>"; };
		1544376112759C90003197B3 /* NSString+SBJSON.m */ = {isa = PBXFileReference; fileEncoding = 4; lastKnownFileType = sourcecode.c.objc; path = "NSString+SBJSON.m"; sourceTree = "<group>"; };
		1544376212759C90003197B3 /* SBJSON.h */ = {isa = PBXFileReference; fileEncoding = 4; lastKnownFileType = sourcecode.c.h; path = SBJSON.h; sourceTree = "<group>"; };
		1544376312759C90003197B3 /* SBJSON.m */ = {isa = PBXFileReference; fileEncoding = 4; lastKnownFileType = sourcecode.c.objc; path = SBJSON.m; sourceTree = "<group>"; };
		1544377412759CB4003197B3 /* libClient-iOS.a */ = {isa = PBXFileReference; explicitFileType = archive.ar; includeInIndex = 0; path = "libClient-iOS.a"; sourceTree = BUILT_PRODUCTS_DIR; };
		1544378712759CEA003197B3 /* Foundation.framework */ = {isa = PBXFileReference; lastKnownFileType = wrapper.framework; name = Foundation.framework; path = System/Library/Frameworks/Foundation.framework; sourceTree = SDKROOT; };
		158B8A9F12C0BA81007CB814 /* SJDownloader.h */ = {isa = PBXFileReference; fileEncoding = 4; lastKnownFileType = sourcecode.c.h; path = SJDownloader.h; sourceTree = "<group>"; };
		158B8AA012C0BA81007CB814 /* SJDownloader.m */ = {isa = PBXFileReference; fileEncoding = 4; lastKnownFileType = sourcecode.c.objc; path = SJDownloader.m; sourceTree = "<group>"; };
		158B8AD812C0C01C007CB814 /* ILURLConnectionOperation.h */ = {isa = PBXFileReference; fileEncoding = 4; lastKnownFileType = sourcecode.c.h; name = ILURLConnectionOperation.h; path = ../LabsFoundation.line/iOS/Networking/ILURLConnectionOperation.h; sourceTree = SOURCE_ROOT; };
		158B8AD912C0C01C007CB814 /* ILURLConnectionOperation.m */ = {isa = PBXFileReference; fileEncoding = 4; lastKnownFileType = sourcecode.c.objc; name = ILURLConnectionOperation.m; path = ../LabsFoundation.line/iOS/Networking/ILURLConnectionOperation.m; sourceTree = SOURCE_ROOT; };
		158B8ADA12C0C01C007CB814 /* ILInMemoryDownloadOperation.h */ = {isa = PBXFileReference; fileEncoding = 4; lastKnownFileType = sourcecode.c.h; name = ILInMemoryDownloadOperation.h; path = ../LabsFoundation.line/iOS/Networking/ILInMemoryDownloadOperation.h; sourceTree = SOURCE_ROOT; };
		158B8ADB12C0C01C007CB814 /* ILInMemoryDownloadOperation.m */ = {isa = PBXFileReference; fileEncoding = 4; lastKnownFileType = sourcecode.c.objc; name = ILInMemoryDownloadOperation.m; path = ../LabsFoundation.line/iOS/Networking/ILInMemoryDownloadOperation.m; sourceTree = SOURCE_ROOT; };
		158B8B3812C0C677007CB814 /* ILHostReachability.m */ = {isa = PBXFileReference; fileEncoding = 4; lastKnownFileType = sourcecode.c.objc; name = ILHostReachability.m; path = ../LabsFoundation.line/iOS/Networking/ILHostReachability.m; sourceTree = SOURCE_ROOT; };
		158B8B3912C0C677007CB814 /* ILHostReachability.h */ = {isa = PBXFileReference; fileEncoding = 4; lastKnownFileType = sourcecode.c.h; name = ILHostReachability.h; path = ../LabsFoundation.line/iOS/Networking/ILHostReachability.h; sourceTree = SOURCE_ROOT; };
		158B8B4A12C0C7CB007CB814 /* SystemConfiguration.framework */ = {isa = PBXFileReference; lastKnownFileType = wrapper.framework; name = SystemConfiguration.framework; path = System/Library/Frameworks/SystemConfiguration.framework; sourceTree = SDKROOT; };
		158B8B5212C0C821007CB814 /* SJSchemaProvider.h */ = {isa = PBXFileReference; fileEncoding = 4; lastKnownFileType = sourcecode.c.h; path = SJSchemaProvider.h; sourceTree = "<group>"; };
		158B8B5312C0C821007CB814 /* SJSchemaProvider.m */ = {isa = PBXFileReference; fileEncoding = 4; lastKnownFileType = sourcecode.c.objc; path = SJSchemaProvider.m; sourceTree = "<group>"; };
		158B8DE612C0FD69007CB814 /* SJLiveObserver.h */ = {isa = PBXFileReference; fileEncoding = 4; lastKnownFileType = sourcecode.c.h; path = SJLiveObserver.h; sourceTree = "<group>"; };
		158B8DE712C0FD69007CB814 /* SJLiveObserver.m */ = {isa = PBXFileReference; fileEncoding = 4; lastKnownFileType = sourcecode.c.objc; path = SJLiveObserver.m; sourceTree = "<group>"; };
		15A13FC412CDE41B00C0C29D /* SJSyncCoordinator.h */ = {isa = PBXFileReference; fileEncoding = 4; lastKnownFileType = sourcecode.c.h; path = SJSyncCoordinator.h; sourceTree = "<group>"; };
		15A13FC512CDE41B00C0C29D /* SJSyncCoordinator.m */ = {isa = PBXFileReference; fileEncoding = 4; lastKnownFileType = sourcecode.c.objc; path = SJSyncCoordinator.m; sourceTree = "<group>"; };
		15AF554512CF720D000311EB /* SJLiveSyncController.h */ = {isa = PBXFileReference; fileEncoding = 4; lastKnownFileType = sourcecode.c.h; path = SJLiveSyncController.h; sourceTree = "<group>"; };
		15AF554612CF720D000311EB /* SJLiveSyncController.m */ = {isa = PBXFileReference; fileEncoding = 4; lastKnownFileType = sourcecode.c.objc; path = SJLiveSyncController.m; sourceTree = "<group>"; };
		15BC4F3C1274216D00550BF6 /* SJSchema.h */ = {isa = PBXFileReference; fileEncoding = 4; lastKnownFileType = sourcecode.c.h; path = SJSchema.h; sourceTree = "<group>"; };
		15BC4F3D1274216D00550BF6 /* SJSchema.m */ = {isa = PBXFileReference; fileEncoding = 4; lastKnownFileType = sourcecode.c.objc; path = SJSchema.m; sourceTree = "<group>"; };
		15BC4F3E1274216D00550BF6 /* SJLiveSchema.h */ = {isa = PBXFileReference; fileEncoding = 4; lastKnownFileType = sourcecode.c.h; path = SJLiveSchema.h; sourceTree = "<group>"; };
		15BC4F3F1274216D00550BF6 /* SJLiveSchema.m */ = {isa = PBXFileReference; fileEncoding = 4; lastKnownFileType = sourcecode.c.objc; path = SJLiveSchema.m; sourceTree = "<group>"; };
		15BC4F401274216D00550BF6 /* SJSlideSchema.h */ = {isa = PBXFileReference; fileEncoding = 4; lastKnownFileType = sourcecode.c.h; path = SJSlideSchema.h; sourceTree = "<group>"; };
		15BC4F411274216D00550BF6 /* SJSlideSchema.m */ = {isa = PBXFileReference; fileEncoding = 4; lastKnownFileType = sourcecode.c.objc; path = SJSlideSchema.m; sourceTree = "<group>"; };
		15BC4F421274216D00550BF6 /* SJPointSchema.h */ = {isa = PBXFileReference; fileEncoding = 4; lastKnownFileType = sourcecode.c.h; path = SJPointSchema.h; sourceTree = "<group>"; };
		15BC4F431274216D00550BF6 /* SJPointSchema.m */ = {isa = PBXFileReference; fileEncoding = 4; lastKnownFileType = sourcecode.c.objc; path = SJPointSchema.m; sourceTree = "<group>"; };
		15BC4F441274216D00550BF6 /* SJPresentationSchema.h */ = {isa = PBXFileReference; fileEncoding = 4; lastKnownFileType = sourcecode.c.h; path = SJPresentationSchema.h; sourceTree = "<group>"; };
		15BC4F451274216D00550BF6 /* SJPresentationSchema.m */ = {isa = PBXFileReference; fileEncoding = 4; lastKnownFileType = sourcecode.c.objc; path = SJPresentationSchema.m; sourceTree = "<group>"; };
		15BC4F501274217300550BF6 /* SJEndpoint.h */ = {isa = PBXFileReference; fileEncoding = 4; lastKnownFileType = sourcecode.c.h; path = SJEndpoint.h; sourceTree = "<group>"; };
		15BC4F511274217300550BF6 /* SJEndpoint.m */ = {isa = PBXFileReference; fileEncoding = 4; lastKnownFileType = sourcecode.c.objc; path = SJEndpoint.m; sourceTree = "<group>"; };
		15BC4F60127421D500550BF6 /* SJClient.h */ = {isa = PBXFileReference; fileEncoding = 4; lastKnownFileType = sourcecode.c.h; name = SJClient.h; path = Classes/SJClient.h; sourceTree = "<group>"; };
		15BC4F701274222400550BF6 /* ILSensorSession.h */ = {isa = PBXFileReference; fileEncoding = 4; lastKnownFileType = sourcecode.c.h; path = ILSensorSession.h; sourceTree = "<group>"; };
		15BC4F711274222400550BF6 /* ILSensorSession.m */ = {isa = PBXFileReference; fileEncoding = 4; lastKnownFileType = sourcecode.c.objc; path = ILSensorSession.m; sourceTree = "<group>"; };
		15BC4F721274222400550BF6 /* ILSensorSink.h */ = {isa = PBXFileReference; fileEncoding = 4; lastKnownFileType = sourcecode.c.h; path = ILSensorSink.h; sourceTree = "<group>"; };
		15BC4F731274222400550BF6 /* ILSensorSink.m */ = {isa = PBXFileReference; fileEncoding = 4; lastKnownFileType = sourcecode.c.objc; path = ILSensorSink.m; sourceTree = "<group>"; };
		32DBCF5E0370ADEE00C91783 /* Client_Prefix.pch */ = {isa = PBXFileReference; fileEncoding = 4; lastKnownFileType = sourcecode.c.h; path = Client_Prefix.pch; sourceTree = "<group>"; };
		8DC2EF5A0486A6940098B216 /* Info.plist */ = {isa = PBXFileReference; fileEncoding = 4; lastKnownFileType = text.plist.xml; path = Info.plist; sourceTree = "<group>"; };
		8DC2EF5B0486A6940098B216 /* SJClient.framework */ = {isa = PBXFileReference; explicitFileType = wrapper.framework; includeInIndex = 0; path = SJClient.framework; sourceTree = BUILT_PRODUCTS_DIR; };
		D2F7E79907B2D74100F64583 /* CoreData.framework */ = {isa = PBXFileReference; lastKnownFileType = wrapper.framework; name = CoreData.framework; path = /System/Library/Frameworks/CoreData.framework; sourceTree = "<absolute>"; };
/* End PBXFileReference section */

/* Begin PBXFrameworksBuildPhase section */
		1544377212759CB4003197B3 /* Frameworks */ = {
			isa = PBXFrameworksBuildPhase;
			buildActionMask = 2147483647;
			files = (
				1544378812759CEA003197B3 /* Foundation.framework in Frameworks */,
			);
			runOnlyForDeploymentPostprocessing = 0;
		};
		8DC2EF560486A6940098B216 /* Frameworks */ = {
			isa = PBXFrameworksBuildPhase;
			buildActionMask = 2147483647;
			files = (
				8DC2EF570486A6940098B216 /* Cocoa.framework in Frameworks */,
				158B8B4B12C0C7CB007CB814 /* SystemConfiguration.framework in Frameworks */,
			);
			runOnlyForDeploymentPostprocessing = 0;
		};
/* End PBXFrameworksBuildPhase section */

/* Begin PBXGroup section */
		034768DFFF38A50411DB9C8B /* Products */ = {
			isa = PBXGroup;
			children = (
				8DC2EF5B0486A6940098B216 /* SJClient.framework */,
				1544377412759CB4003197B3 /* libClient-iOS.a */,
			);
			name = Products;
			sourceTree = "<group>";
		};
		0867D691FE84028FC02AAC07 /* Client */ = {
			isa = PBXGroup;
			children = (
				15BC4F60127421D500550BF6 /* SJClient.h */,
				158B8AD712C0C01C007CB814 /* URL connection operations */,
				15BC4F3B1274215D00550BF6 /* Classes */,
				32C88DFF0371C24200C91783 /* Other Sources */,
				089C1665FE841158C02AAC07 /* Resources */,
				0867D69AFE84028FC02AAC07 /* External Frameworks and Libraries */,
				034768DFFF38A50411DB9C8B /* Products */,
				1544378712759CEA003197B3 /* Foundation.framework */,
				158B8B4A12C0C7CB007CB814 /* SystemConfiguration.framework */,
			);
			name = Client;
			sourceTree = "<group>";
		};
		0867D69AFE84028FC02AAC07 /* External Frameworks and Libraries */ = {
			isa = PBXGroup;
			children = (
				1058C7B0FEA5585E11CA2CBB /* Linked Frameworks */,
				1058C7B2FEA5585E11CA2CBB /* Other Frameworks */,
			);
			name = "External Frameworks and Libraries";
			sourceTree = "<group>";
		};
		089C1665FE841158C02AAC07 /* Resources */ = {
			isa = PBXGroup;
			children = (
				8DC2EF5A0486A6940098B216 /* Info.plist */,
				089C1666FE841158C02AAC07 /* InfoPlist.strings */,
			);
			name = Resources;
			sourceTree = "<group>";
		};
		1058C7B0FEA5585E11CA2CBB /* Linked Frameworks */ = {
			isa = PBXGroup;
			children = (
				1058C7B1FEA5585E11CA2CBB /* Cocoa.framework */,
			);
			name = "Linked Frameworks";
			sourceTree = "<group>";
		};
		1058C7B2FEA5585E11CA2CBB /* Other Frameworks */ = {
			isa = PBXGroup;
			children = (
				0867D6A5FE840307C02AAC07 /* AppKit.framework */,
				D2F7E79907B2D74100F64583 /* CoreData.framework */,
				0867D69BFE84028FC02AAC07 /* Foundation.framework */,
			);
			name = "Other Frameworks";
			sourceTree = "<group>";
		};
		1544375C12759C90003197B3 /* SBJSON */ = {
			isa = PBXGroup;
			children = (
				1544375D12759C90003197B3 /* JSON.h */,
				1544375E12759C90003197B3 /* NSObject+SBJSON.h */,
				1544375F12759C90003197B3 /* NSObject+SBJSON.m */,
				1544376012759C90003197B3 /* NSString+SBJSON.h */,
				1544376112759C90003197B3 /* NSString+SBJSON.m */,
				1544376212759C90003197B3 /* SBJSON.h */,
				1544376312759C90003197B3 /* SBJSON.m */,
			);
			path = SBJSON;
			sourceTree = "<group>";
		};
		158B8AD712C0C01C007CB814 /* URL connection operations */ = {
			isa = PBXGroup;
			children = (
				158B8B3812C0C677007CB814 /* ILHostReachability.m */,
				158B8B3912C0C677007CB814 /* ILHostReachability.h */,
				158B8AD812C0C01C007CB814 /* ILURLConnectionOperation.h */,
				158B8AD912C0C01C007CB814 /* ILURLConnectionOperation.m */,
				158B8ADA12C0C01C007CB814 /* ILInMemoryDownloadOperation.h */,
				158B8ADB12C0C01C007CB814 /* ILInMemoryDownloadOperation.m */,
			);
			name = "URL connection operations";
			sourceTree = "<group>";
		};
		158B8B5112C0C811007CB814 /* Telemetry */ = {
			isa = PBXGroup;
			children = (
				15BC4F701274222400550BF6 /* ILSensorSession.h */,
				15BC4F711274222400550BF6 /* ILSensorSession.m */,
				15BC4F721274222400550BF6 /* ILSensorSink.h */,
				15BC4F731274222400550BF6 /* ILSensorSink.m */,
			);
			name = Telemetry;
			sourceTree = "<group>";
		};
		15A13FC312CDE40E00C0C29D /* Sync */ = {
			isa = PBXGroup;
			children = (
				15A13FC412CDE41B00C0C29D /* SJSyncCoordinator.h */,
				15A13FC512CDE41B00C0C29D /* SJSyncCoordinator.m */,
				15AF554512CF720D000311EB /* SJLiveSyncController.h */,
				15AF554612CF720D000311EB /* SJLiveSyncController.m */,
			);
			name = Sync;
			sourceTree = "<group>";
		};
		15BC4F3B1274215D00550BF6 /* Classes */ = {
			isa = PBXGroup;
			children = (
				15A13FC312CDE40E00C0C29D /* Sync */,
				1544375C12759C90003197B3 /* SBJSON */,
				158B8B5112C0C811007CB814 /* Telemetry */,
				15BC4F501274217300550BF6 /* SJEndpoint.h */,
				15BC4F511274217300550BF6 /* SJEndpoint.m */,
				15BC4F3C1274216D00550BF6 /* SJSchema.h */,
				15BC4F3D1274216D00550BF6 /* SJSchema.m */,
				15BC4F3E1274216D00550BF6 /* SJLiveSchema.h */,
				15BC4F3F1274216D00550BF6 /* SJLiveSchema.m */,
				15BC4F401274216D00550BF6 /* SJSlideSchema.h */,
				15BC4F411274216D00550BF6 /* SJSlideSchema.m */,
				15BC4F421274216D00550BF6 /* SJPointSchema.h */,
				15BC4F431274216D00550BF6 /* SJPointSchema.m */,
				15BC4F441274216D00550BF6 /* SJPresentationSchema.h */,
				15BC4F451274216D00550BF6 /* SJPresentationSchema.m */,
				150044131280702400E4BF1D /* SJQuestionSchema.h */,
				150044141280702400E4BF1D /* SJQuestionSchema.m */,
				158B8A9F12C0BA81007CB814 /* SJDownloader.h */,
				158B8AA012C0BA81007CB814 /* SJDownloader.m */,
				158B8B5212C0C821007CB814 /* SJSchemaProvider.h */,
				158B8B5312C0C821007CB814 /* SJSchemaProvider.m */,
				158B8DE612C0FD69007CB814 /* SJLiveObserver.h */,
				158B8DE712C0FD69007CB814 /* SJLiveObserver.m */,
			);
			path = Classes;
			sourceTree = "<group>";
		};
		32C88DFF0371C24200C91783 /* Other Sources */ = {
			isa = PBXGroup;
			children = (
				32DBCF5E0370ADEE00C91783 /* Client_Prefix.pch */,
			);
			name = "Other Sources";
			sourceTree = "<group>";
		};
/* End PBXGroup section */

/* Begin PBXHeadersBuildPhase section */
		1544377012759CB4003197B3 /* Headers */ = {
			isa = PBXHeadersBuildPhase;
			buildActionMask = 2147483647;
			files = (
				1544378A12759CF6003197B3 /* SJSchema.h in Headers */,
				1544378B12759CF6003197B3 /* SJLiveSchema.h in Headers */,
				1544378C12759CF6003197B3 /* SJSlideSchema.h in Headers */,
				1544378D12759CF6003197B3 /* SJPointSchema.h in Headers */,
				1544378E12759CF6003197B3 /* SJPresentationSchema.h in Headers */,
				1544378F12759CF6003197B3 /* SJEndpoint.h in Headers */,
				1544379012759CF6003197B3 /* SJClient.h in Headers */,
				1544379112759CF6003197B3 /* ILSensorSession.h in Headers */,
				1544379212759CF6003197B3 /* ILSensorSink.h in Headers */,
				1544379312759CF6003197B3 /* JSON.h in Headers */,
				1544379412759CF6003197B3 /* NSObject+SBJSON.h in Headers */,
				1544379512759CF6003197B3 /* NSString+SBJSON.h in Headers */,
				1544379612759CF6003197B3 /* SBJSON.h in Headers */,
				150044171280702400E4BF1D /* SJQuestionSchema.h in Headers */,
				158B8AA312C0BA81007CB814 /* SJDownloader.h in Headers */,
				158B8B5612C0C821007CB814 /* SJSchemaProvider.h in Headers */,
				158B8DEA12C0FD69007CB814 /* SJLiveObserver.h in Headers */,
				15A13FC812CDE41B00C0C29D /* SJSyncCoordinator.h in Headers */,
				15AF554912CF720D000311EB /* SJLiveSyncController.h in Headers */,
			);
			runOnlyForDeploymentPostprocessing = 0;
		};
		8DC2EF500486A6940098B216 /* Headers */ = {
			isa = PBXHeadersBuildPhase;
			buildActionMask = 2147483647;
			files = (
				15BC4F461274216D00550BF6 /* SJSchema.h in Headers */,
				15BC4F481274216D00550BF6 /* SJLiveSchema.h in Headers */,
				15BC4F4A1274216D00550BF6 /* SJSlideSchema.h in Headers */,
				15BC4F4C1274216D00550BF6 /* SJPointSchema.h in Headers */,
				15BC4F4E1274216D00550BF6 /* SJPresentationSchema.h in Headers */,
				15BC4F521274217300550BF6 /* SJEndpoint.h in Headers */,
				15BC4F61127421D500550BF6 /* SJClient.h in Headers */,
				15BC4F741274222400550BF6 /* ILSensorSession.h in Headers */,
				15BC4F761274222400550BF6 /* ILSensorSink.h in Headers */,
				1544376412759C90003197B3 /* JSON.h in Headers */,
				1544376512759C90003197B3 /* NSObject+SBJSON.h in Headers */,
				1544376712759C90003197B3 /* NSString+SBJSON.h in Headers */,
				1544376912759C90003197B3 /* SBJSON.h in Headers */,
				150044151280702400E4BF1D /* SJQuestionSchema.h in Headers */,
				158B8AA112C0BA81007CB814 /* SJDownloader.h in Headers */,
				158B8ADC12C0C01C007CB814 /* ILURLConnectionOperation.h in Headers */,
				158B8ADE12C0C01C007CB814 /* ILInMemoryDownloadOperation.h in Headers */,
				158B8B3B12C0C677007CB814 /* ILHostReachability.h in Headers */,
				158B8B5412C0C821007CB814 /* SJSchemaProvider.h in Headers */,
				158B8DE812C0FD69007CB814 /* SJLiveObserver.h in Headers */,
				15A13FC612CDE41B00C0C29D /* SJSyncCoordinator.h in Headers */,
				15AF554712CF720D000311EB /* SJLiveSyncController.h in Headers */,
			);
			runOnlyForDeploymentPostprocessing = 0;
		};
/* End PBXHeadersBuildPhase section */

/* Begin PBXNativeTarget section */
		1544377312759CB4003197B3 /* Client (iOS Library) */ = {
			isa = PBXNativeTarget;
			buildConfigurationList = 1544378912759CEB003197B3 /* Build configuration list for PBXNativeTarget "Client (iOS Library)" */;
			buildPhases = (
				1544377012759CB4003197B3 /* Headers */,
				1544377112759CB4003197B3 /* Sources */,
				1544377212759CB4003197B3 /* Frameworks */,
			);
			buildRules = (
			);
			dependencies = (
			);
			name = "Client (iOS Library)";
			productName = "Client (iOS library)";
			productReference = 1544377412759CB4003197B3 /* libClient-iOS.a */;
			productType = "com.apple.product-type.library.static";
		};
		8DC2EF4F0486A6940098B216 /* Client (Mac Framework) */ = {
			isa = PBXNativeTarget;
			buildConfigurationList = 1DEB91AD08733DA50010E9CD /* Build configuration list for PBXNativeTarget "Client (Mac Framework)" */;
			buildPhases = (
				8DC2EF500486A6940098B216 /* Headers */,
				8DC2EF520486A6940098B216 /* Resources */,
				8DC2EF540486A6940098B216 /* Sources */,
				8DC2EF560486A6940098B216 /* Frameworks */,
			);
			buildRules = (
			);
			dependencies = (
			);
			name = "Client (Mac Framework)";
			productInstallPath = "$(HOME)/Library/Frameworks";
			productName = Client;
			productReference = 8DC2EF5B0486A6940098B216 /* SJClient.framework */;
			productType = "com.apple.product-type.framework";
		};
/* End PBXNativeTarget section */

/* Begin PBXProject section */
		0867D690FE84028FC02AAC07 /* Project object */ = {
			isa = PBXProject;
			buildConfigurationList = 1DEB91B108733DA50010E9CD /* Build configuration list for PBXProject "Client" */;
			compatibilityVersion = "Xcode 3.1";
			developmentRegion = English;
			hasScannedForEncodings = 1;
			knownRegions = (
				English,
				Japanese,
				French,
				German,
			);
			mainGroup = 0867D691FE84028FC02AAC07 /* Client */;
			productRefGroup = 034768DFFF38A50411DB9C8B /* Products */;
			projectDirPath = "";
			projectRoot = "";
			targets = (
				8DC2EF4F0486A6940098B216 /* Client (Mac Framework) */,
				1544377312759CB4003197B3 /* Client (iOS Library) */,
				15004438128071E400E4BF1D /* Client (All) */,
			);
		};
/* End PBXProject section */

/* Begin PBXResourcesBuildPhase section */
		8DC2EF520486A6940098B216 /* Resources */ = {
			isa = PBXResourcesBuildPhase;
			buildActionMask = 2147483647;
			files = (
				8DC2EF530486A6940098B216 /* InfoPlist.strings in Resources */,
			);
			runOnlyForDeploymentPostprocessing = 0;
		};
/* End PBXResourcesBuildPhase section */

/* Begin PBXSourcesBuildPhase section */
		1544377112759CB4003197B3 /* Sources */ = {
			isa = PBXSourcesBuildPhase;
			buildActionMask = 2147483647;
			files = (
				1544377C12759CC2003197B3 /* SJSchema.m in Sources */,
				1544377D12759CC2003197B3 /* SJLiveSchema.m in Sources */,
				1544377E12759CC2003197B3 /* SJSlideSchema.m in Sources */,
				1544377F12759CC2003197B3 /* SJPointSchema.m in Sources */,
				1544378012759CC2003197B3 /* SJPresentationSchema.m in Sources */,
				1544378112759CC2003197B3 /* SJEndpoint.m in Sources */,
				1544378212759CC2003197B3 /* ILSensorSession.m in Sources */,
				1544378312759CC2003197B3 /* ILSensorSink.m in Sources */,
				1544378412759CC2003197B3 /* NSObject+SBJSON.m in Sources */,
				1544378512759CC2003197B3 /* NSString+SBJSON.m in Sources */,
				1544378612759CC2003197B3 /* SBJSON.m in Sources */,
				150044181280702400E4BF1D /* SJQuestionSchema.m in Sources */,
				158B8AA412C0BA81007CB814 /* SJDownloader.m in Sources */,
				158B8B5712C0C821007CB814 /* SJSchemaProvider.m in Sources */,
				158B8DEB12C0FD69007CB814 /* SJLiveObserver.m in Sources */,
				15A13FC912CDE41B00C0C29D /* SJSyncCoordinator.m in Sources */,
				15AF554A12CF720D000311EB /* SJLiveSyncController.m in Sources */,
			);
			runOnlyForDeploymentPostprocessing = 0;
		};
		8DC2EF540486A6940098B216 /* Sources */ = {
			isa = PBXSourcesBuildPhase;
			buildActionMask = 2147483647;
			files = (
				15BC4F471274216D00550BF6 /* SJSchema.m in Sources */,
				15BC4F491274216D00550BF6 /* SJLiveSchema.m in Sources */,
				15BC4F4B1274216D00550BF6 /* SJSlideSchema.m in Sources */,
				15BC4F4D1274216D00550BF6 /* SJPointSchema.m in Sources */,
				15BC4F4F1274216D00550BF6 /* SJPresentationSchema.m in Sources */,
				15BC4F531274217300550BF6 /* SJEndpoint.m in Sources */,
				15BC4F751274222400550BF6 /* ILSensorSession.m in Sources */,
				15BC4F771274222400550BF6 /* ILSensorSink.m in Sources */,
				1544376612759C90003197B3 /* NSObject+SBJSON.m in Sources */,
				1544376812759C90003197B3 /* NSString+SBJSON.m in Sources */,
				1544376A12759C90003197B3 /* SBJSON.m in Sources */,
				150044161280702400E4BF1D /* SJQuestionSchema.m in Sources */,
				158B8AA212C0BA81007CB814 /* SJDownloader.m in Sources */,
				158B8ADD12C0C01C007CB814 /* ILURLConnectionOperation.m in Sources */,
				158B8ADF12C0C01C007CB814 /* ILInMemoryDownloadOperation.m in Sources */,
				158B8B3A12C0C677007CB814 /* ILHostReachability.m in Sources */,
				158B8B5512C0C821007CB814 /* SJSchemaProvider.m in Sources */,
				158B8DE912C0FD69007CB814 /* SJLiveObserver.m in Sources */,
				15A13FC712CDE41B00C0C29D /* SJSyncCoordinator.m in Sources */,
				15AF554812CF720D000311EB /* SJLiveSyncController.m in Sources */,
			);
			runOnlyForDeploymentPostprocessing = 0;
		};
/* End PBXSourcesBuildPhase section */

/* Begin PBXTargetDependency section */
		1500443D128071E900E4BF1D /* PBXTargetDependency */ = {
			isa = PBXTargetDependency;
			target = 8DC2EF4F0486A6940098B216 /* Client (Mac Framework) */;
			targetProxy = 1500443C128071E900E4BF1D /* PBXContainerItemProxy */;
		};
		1500443F128071E900E4BF1D /* PBXTargetDependency */ = {
			isa = PBXTargetDependency;
			target = 1544377312759CB4003197B3 /* Client (iOS Library) */;
			targetProxy = 1500443E128071E900E4BF1D /* PBXContainerItemProxy */;
		};
/* End PBXTargetDependency section */

/* Begin PBXVariantGroup section */
		089C1666FE841158C02AAC07 /* InfoPlist.strings */ = {
			isa = PBXVariantGroup;
			children = (
				089C1667FE841158C02AAC07 /* English */,
			);
			name = InfoPlist.strings;
			sourceTree = "<group>";
		};
/* End PBXVariantGroup section */

/* Begin XCBuildConfiguration section */
		1500443A128071E400E4BF1D /* Debug */ = {
			isa = XCBuildConfiguration;
			buildSettings = {
				COPY_PHASE_STRIP = NO;
				GCC_DYNAMIC_NO_PIC = NO;
				GCC_OPTIMIZATION_LEVEL = 0;
				PRODUCT_NAME = "Client (All)";
			};
			name = Debug;
		};
		1500443B128071E400E4BF1D /* Release */ = {
			isa = XCBuildConfiguration;
			buildSettings = {
				COPY_PHASE_STRIP = YES;
				DEBUG_INFORMATION_FORMAT = "dwarf-with-dsym";
				GCC_ENABLE_FIX_AND_CONTINUE = NO;
				PRODUCT_NAME = "Client (All)";
				ZERO_LINK = NO;
			};
			name = Release;
		};
		1544377512759CB5003197B3 /* Debug */ = {
			isa = XCBuildConfiguration;
			buildSettings = {
				ALWAYS_SEARCH_USER_PATHS = NO;
				ARCHS = "$(VALID_ARCHS)";
				COPY_PHASE_STRIP = NO;
				GCC_DYNAMIC_NO_PIC = NO;
				GCC_OPTIMIZATION_LEVEL = 0;
				GCC_VERSION = com.apple.compilers.llvm.clang.1_0;
				ONLY_ACTIVE_ARCH = NO;
				PREBINDING = NO;
				PRODUCT_NAME = "Client-iOS";
				SDKROOT = iphoneos;
			};
			name = Debug;
		};
		1544377612759CB5003197B3 /* Release */ = {
			isa = XCBuildConfiguration;
			buildSettings = {
				ALWAYS_SEARCH_USER_PATHS = NO;
				ARCHS = "$(VALID_ARCHS)";
				COPY_PHASE_STRIP = YES;
				DEBUG_INFORMATION_FORMAT = "dwarf-with-dsym";
				GCC_ENABLE_FIX_AND_CONTINUE = NO;
				GCC_VERSION = com.apple.compilers.llvm.clang.1_0;
				ONLY_ACTIVE_ARCH = NO;
				PREBINDING = NO;
				PRODUCT_NAME = "Client-iOS";
				SDKROOT = iphoneos;
				ZERO_LINK = NO;
			};
			name = Release;
		};
		1DEB91AE08733DA50010E9CD /* Debug */ = {
			isa = XCBuildConfiguration;
			buildSettings = {
				ALWAYS_SEARCH_USER_PATHS = NO;
				ARCHS = "$(ARCHS_STANDARD_64_BIT)";
				COPY_PHASE_STRIP = NO;
				DYLIB_COMPATIBILITY_VERSION = 1;
				DYLIB_CURRENT_VERSION = 1;
				FRAMEWORK_VERSION = A;
				GCC_DYNAMIC_NO_PIC = NO;
				GCC_ENABLE_FIX_AND_CONTINUE = YES;
				GCC_ENABLE_OBJC_GC = supported;
				GCC_MODEL_TUNING = G5;
				GCC_OPTIMIZATION_LEVEL = 0;
				GCC_PRECOMPILE_PREFIX_HEADER = YES;
				GCC_PREFIX_HEADER = Client_Prefix.pch;
				GCC_VERSION = com.apple.compilers.llvm.clang.1_0;
				INFOPLIST_FILE = Info.plist;
				INSTALL_PATH = "@loader_path/../Frameworks";
				ONLY_ACTIVE_ARCH = NO;
				PRODUCT_NAME = SJClient;
				SDKROOT = macosx;
				WRAPPER_EXTENSION = framework;
			};
			name = Debug;
		};
		1DEB91AF08733DA50010E9CD /* Release */ = {
			isa = XCBuildConfiguration;
			buildSettings = {
				ALWAYS_SEARCH_USER_PATHS = NO;
				ARCHS = "$(ARCHS_STANDARD_64_BIT)";
				DEBUG_INFORMATION_FORMAT = "dwarf-with-dsym";
				DYLIB_COMPATIBILITY_VERSION = 1;
				DYLIB_CURRENT_VERSION = 1;
				FRAMEWORK_VERSION = A;
				GCC_ENABLE_OBJC_GC = supported;
				GCC_MODEL_TUNING = G5;
				GCC_PRECOMPILE_PREFIX_HEADER = YES;
				GCC_PREFIX_HEADER = Client_Prefix.pch;
				GCC_VERSION = com.apple.compilers.llvm.clang.1_0;
				INFOPLIST_FILE = Info.plist;
				INSTALL_PATH = "@loader_path/../Frameworks";
				ONLY_ACTIVE_ARCH = NO;
				PRODUCT_NAME = SJClient;
				SDKROOT = macosx;
				WRAPPER_EXTENSION = framework;
			};
			name = Release;
		};
		1DEB91B208733DA50010E9CD /* Debug */ = {
			isa = XCBuildConfiguration;
			buildSettings = {
				ARCHS = "$(ARCHS_STANDARD_32_64_BIT)";
				GCC_C_LANGUAGE_STANDARD = gnu99;
				GCC_OPTIMIZATION_LEVEL = 0;
				GCC_WARN_ABOUT_RETURN_TYPE = YES;
				GCC_WARN_UNUSED_VARIABLE = YES;
				ONLY_ACTIVE_ARCH = YES;
				PREBINDING = NO;
				SDKROOT = macosx10.6;
			};
			name = Debug;
		};
		1DEB91B308733DA50010E9CD /* Release */ = {
			isa = XCBuildConfiguration;
			buildSettings = {
				ARCHS = "$(ARCHS_STANDARD_32_64_BIT)";
				GCC_C_LANGUAGE_STANDARD = gnu99;
				GCC_WARN_ABOUT_RETURN_TYPE = YES;
				GCC_WARN_UNUSED_VARIABLE = YES;
				PREBINDING = NO;
				SDKROOT = macosx10.6;
			};
			name = Release;
		};
/* End XCBuildConfiguration section */

/* Begin XCConfigurationList section */
		1500445C1280724F00E4BF1D /* Build configuration list for PBXAggregateTarget "Client (All)" */ = {
			isa = XCConfigurationList;
			buildConfigurations = (
				1500443A128071E400E4BF1D /* Debug */,
				1500443B128071E400E4BF1D /* Release */,
			);
			defaultConfigurationIsVisible = 0;
			defaultConfigurationName = Release;
		};
		1544378912759CEB003197B3 /* Build configuration list for PBXNativeTarget "Client (iOS Library)" */ = {
			isa = XCConfigurationList;
			buildConfigurations = (
				1544377512759CB5003197B3 /* Debug */,
				1544377612759CB5003197B3 /* Release */,
			);
			defaultConfigurationIsVisible = 0;
			defaultConfigurationName = Release;
		};
		1DEB91AD08733DA50010E9CD /* Build configuration list for PBXNativeTarget "Client (Mac Framework)" */ = {
			isa = XCConfigurationList;
			buildConfigurations = (
				1DEB91AE08733DA50010E9CD /* Debug */,
				1DEB91AF08733DA50010E9CD /* Release */,
			);
			defaultConfigurationIsVisible = 0;
			defaultConfigurationName = Release;
		};
		1DEB91B108733DA50010E9CD /* Build configuration list for PBXProject "Client" */ = {
			isa = XCConfigurationList;
			buildConfigurations = (
				1DEB91B208733DA50010E9CD /* Debug */,
				1DEB91B308733DA50010E9CD /* Release */,
			);
			defaultConfigurationIsVisible = 0;
			defaultConfigurationName = Release;
		};
/* End XCConfigurationList section */
	};
	rootObject = 0867D690FE84028FC02AAC07 /* Project object */;
}
